
Microsoft Visual Studio Solution File, Format Version 12.00
# Visual Studio Version 17
VisualStudioVersion = 17.2.32630.192
MinimumVisualStudioVersion = 10.0.40219.1
Project("{9A19103F-16F7-4668-BE54-9A1E7A4F7556}") = "R5T.F0109", "R5T.F0109\R5T.F0109.csproj", "{F6511E67-FBB0-4FAD-907D-0A28B49EED53}"
EndProject
Project("{2150E333-8FDC-42A3-9474-1A3956D46DE8}") = "_Dependencies", "_Dependencies", "{6AD2A594-E850-4B50-9AFC-ED4935C5B014}"
EndProject
Project("{9A19103F-16F7-4668-BE54-9A1E7A4F7556}") = "R5T.T0131", "..\..\R5T.T0131\source\R5T.T0131\R5T.T0131.csproj", "{00982732-595D-44EA-A0E9-EBFDE8B9709D}"
EndProject
Project("{9A19103F-16F7-4668-BE54-9A1E7A4F7556}") = "R5T.T0132", "..\..\R5T.T0132\source\R5T.T0132\R5T.T0132.csproj", "{355568EA-387B-4427-9732-6A564EAAC3FD}"
EndProject
Project("{9A19103F-16F7-4668-BE54-9A1E7A4F7556}") = "R5T.T0143", "..\..\R5T.T0143\source\R5T.T0143\R5T.T0143.csproj", "{7DACF314-4079-49BE-BAF7-18F095E3481A}"
EndProject
Project("{9A19103F-16F7-4668-BE54-9A1E7A4F7556}") = "R5T.T0150", "..\..\R5T.T0150\source\R5T.T0150\R5T.T0150.csproj", "{54FD0EC7-7C37-4FB1-AAC7-1216FE519BB7}"
EndProject
Project("{9A19103F-16F7-4668-BE54-9A1E7A4F7556}") = "R5T.T0151", "..\..\R5T.T0151\source\R5T.T0151\R5T.T0151.csproj", "{C4E050E7-442A-41EB-A271-4CE3FDC1CE3D}"
EndProject
Project("{9A19103F-16F7-4668-BE54-9A1E7A4F7556}") = "R5T.T0161", "..\..\R5T.T0161\source\R5T.T0161\R5T.T0161.csproj", "{74CC92A3-976F-414C-93F7-244903D5720E}"
EndProject
Project("{9A19103F-16F7-4668-BE54-9A1E7A4F7556}") = "R5T.T0169", "..\..\R5T.T0169\source\R5T.T0169\R5T.T0169.csproj", "{4869A4A7-EF6B-483C-8D7C-6BB5AF59FFD2}"
EndProject
Project("{9A19103F-16F7-4668-BE54-9A1E7A4F7556}") = "R5T.Z0037", "..\..\R5T.Z0037\source\R5T.Z0037\R5T.Z0037.csproj", "{4D868F47-8BEB-4017-ACF4-E41EC3CC5BA9}"
EndProject
Project("{9A19103F-16F7-4668-BE54-9A1E7A4F7556}") = "R5T.T0170", "..\..\R5T.T0170\source\R5T.T0170\R5T.T0170.csproj", "{92B6B121-3873-4347-A011-481181D2776A}"
EndProject
Project("{9A19103F-16F7-4668-BE54-9A1E7A4F7556}") = "R5T.T0162", "..\..\R5T.T0162\source\R5T.T0162\R5T.T0162.csproj", "{49EC7A07-524F-4D33-8885-312F96EDE783}"
EndProject
Project("{9A19103F-16F7-4668-BE54-9A1E7A4F7556}") = "R5T.T0171", "..\..\R5T.T0171\source\R5T.T0171\R5T.T0171.csproj", "{59FC689B-1D9E-465C-A38C-1870D8CE2C75}"
EndProject
Project("{9A19103F-16F7-4668-BE54-9A1E7A4F7556}") = "R5T.T0172", "..\..\R5T.T0172\source\R5T.T0172\R5T.T0172.csproj", "{4A8EC0F1-92B4-4E71-A5F5-BE85491EB7C3}"
EndProject
Project("{9A19103F-16F7-4668-BE54-9A1E7A4F7556}") = "R5T.T0173", "..\..\R5T.T0173\source\R5T.T0173\R5T.T0173.csproj", "{D09218D6-14EA-477C-9550-9E8043F8819E}"
EndProject
Project("{9A19103F-16F7-4668-BE54-9A1E7A4F7556}") = "R5T.F0099.T000", "..\..\R5T.F0099\source\R5T.F0099.T000\R5T.F0099.T000.csproj", "{D162DF3C-F474-4117-8C8E-599123BB5AD8}"
EndProject
Project("{9A19103F-16F7-4668-BE54-9A1E7A4F7556}") = "R5T.F0018", "..\..\R5T.F0018\source\R5T.F0018\R5T.F0018.csproj", "{AAD636F6-DBF2-4368-BDA1-4A90F141848C}"
EndProject
Project("{9A19103F-16F7-4668-BE54-9A1E7A4F7556}") = "R5T.F0000", "..\..\R5T.F0000\source\R5T.F0000\R5T.F0000.csproj", "{2EA587B1-0352-41F6-842B-0656962215DF}"
EndProject
Project("{9A19103F-16F7-4668-BE54-9A1E7A4F7556}") = "R5T.F0002", "..\..\R5T.F0002\source\R5T.F0002\R5T.F0002.csproj", "{E644CCA7-C7FE-4D6F-BFAA-DC683A103853}"
EndProject
Project("{9A19103F-16F7-4668-BE54-9A1E7A4F7556}") = "R5T.NG0010", "..\..\R5T.NG0010\source\R5T.NG0010\R5T.NG0010.csproj", "{0F256C86-DF47-4DE6-A5BF-7077B761B0AA}"
EndProject
Project("{9A19103F-16F7-4668-BE54-9A1E7A4F7556}") = "R5T.T0142", "..\..\R5T.T0142\source\R5T.T0142\R5T.T0142.csproj", "{7700A615-FC09-42E9-8608-DAD510DBE97B}"
EndProject
Project("{9A19103F-16F7-4668-BE54-9A1E7A4F7556}") = "R5T.T0156", "..\..\R5T.T0156\source\R5T.T0156\R5T.T0156.csproj", "{5E944C15-8F52-4394-96D2-F45D335A8677}"
EndProject
Project("{9A19103F-16F7-4668-BE54-9A1E7A4F7556}") = "R5T.Y0000", "..\..\R5T.Y0000\source\R5T.Y0000\R5T.Y0000.csproj", "{12D36AF7-AB82-4DF5-9FAF-50AC612D4BFE}"
EndProject
Project("{9A19103F-16F7-4668-BE54-9A1E7A4F7556}") = "R5T.Z0000", "..\..\R5T.Z0000\source\R5T.Z0000\R5T.Z0000.csproj", "{86AC253E-5668-4359-89A3-0FBA1F643F3C}"
EndProject
Project("{9A19103F-16F7-4668-BE54-9A1E7A4F7556}") = "R5T.F0017.F002", "..\..\R5T.F0017\source\R5T.F0017.F002\R5T.F0017.F002.csproj", "{7254FAFB-A7E8-4990-8021-CD3EA9E27D87}"
EndProject
Project("{9A19103F-16F7-4668-BE54-9A1E7A4F7556}") = "R5T.F0032", "..\..\R5T.F0032\source\R5T.F0032\R5T.F0032.csproj", "{D7BBFA42-8ACF-42F7-A7D1-2E9494952A8D}"
EndProject
Project("{9A19103F-16F7-4668-BE54-9A1E7A4F7556}") = "R5T.F0059", "..\..\R5T.F0059\source\R5T.F0059\R5T.F0059.csproj", "{F53BDB3A-4933-4FA8-A03B-D14252843EB3}"
EndProject
Project("{9A19103F-16F7-4668-BE54-9A1E7A4F7556}") = "R5T.F0120", "..\..\R5T.F0120\source\R5T.F0120\R5T.F0120.csproj", "{1B2B3C67-3243-4F0B-8821-F56562AC878E}"
EndProject
Project("{9A19103F-16F7-4668-BE54-9A1E7A4F7556}") = "R5T.F0124", "..\..\R5T.F0124\source\R5T.F0124\R5T.F0124.csproj", "{7D2894F9-0010-4434-B472-48655B60312B}"
EndProject
Project("{9A19103F-16F7-4668-BE54-9A1E7A4F7556}") = "R5T.L0053", "..\..\R5T.L0053\source\R5T.L0053\R5T.L0053.csproj", "{9FDFB64C-54A8-472C-824F-1E9FE5A3C021}"
EndProject
Project("{9A19103F-16F7-4668-BE54-9A1E7A4F7556}") = "R5T.L0056", "..\..\R5T.L0056\source\R5T.L0056\R5T.L0056.csproj", "{2EE172AF-EB33-4545-BC44-969C1DB83471}"
EndProject
Project("{9A19103F-16F7-4668-BE54-9A1E7A4F7556}") = "R5T.L0062.F000", "..\..\R5T.L0062\source\R5T.L0062.F000\R5T.L0062.F000.csproj", "{B33B07A8-6B46-4DAF-8E24-E5F4BA750896}"
EndProject
Project("{9A19103F-16F7-4668-BE54-9A1E7A4F7556}") = "R5T.L0062.F001", "..\..\R5T.L0062\source\R5T.L0062.F001\R5T.L0062.F001.csproj", "{35B7B70B-E898-4424-B0D8-709FE0F8F5E4}"
EndProject
Project("{9A19103F-16F7-4668-BE54-9A1E7A4F7556}") = "R5T.L0062.L001", "..\..\R5T.L0062\source\R5T.L0062.L001\R5T.L0062.L001.csproj", "{42FA66FD-F2D3-41F5-89EB-F7F48B051729}"
EndProject
Project("{9A19103F-16F7-4668-BE54-9A1E7A4F7556}") = "R5T.L0062.T000", "..\..\R5T.L0062\source\R5T.L0062.T000\R5T.L0062.T000.csproj", "{A0A0D63C-E4D6-448E-8E20-66F7599C3E79}"
EndProject
Project("{9A19103F-16F7-4668-BE54-9A1E7A4F7556}") = "R5T.L0062.Z000", "..\..\R5T.L0062\source\R5T.L0062.Z000\R5T.L0062.Z000.csproj", "{74AD7965-03A3-43D9-B6F5-C32B407EAD28}"
EndProject
Project("{9A19103F-16F7-4668-BE54-9A1E7A4F7556}") = "R5T.L0063.F000", "..\..\R5T.L0063\source\R5T.L0063.F000\R5T.L0063.F000.csproj", "{9AEBABD6-7E89-49DB-875F-D9A1F2913E3C}"
EndProject
Project("{9A19103F-16F7-4668-BE54-9A1E7A4F7556}") = "R5T.L0063.T000", "..\..\R5T.L0063\source\R5T.L0063.T000\R5T.L0063.T000.csproj", "{03D2CDB8-F749-46B5-A763-7C51E7910A3B}"
EndProject
Project("{9A19103F-16F7-4668-BE54-9A1E7A4F7556}") = "R5T.L0063.Z000", "..\..\R5T.L0063\source\R5T.L0063.Z000\R5T.L0063.Z000.csproj", "{0C6D63B9-EF5A-4C29-B600-55FD48977E24}"
EndProject
Project("{9A19103F-16F7-4668-BE54-9A1E7A4F7556}") = "R5T.L0065.F000", "..\..\R5T.L0065\source\R5T.L0065.F000\R5T.L0065.F000.csproj", "{28D48C4F-5341-42D1-9FB3-883293F6FAAA}"
EndProject
Project("{9A19103F-16F7-4668-BE54-9A1E7A4F7556}") = "R5T.L0065.F001", "..\..\R5T.L0065\source\R5T.L0065.F001\R5T.L0065.F001.csproj", "{D02BB706-E6EE-4D1F-9E2B-42795A369B74}"
EndProject
Project("{9A19103F-16F7-4668-BE54-9A1E7A4F7556}") = "R5T.L0065.F002", "..\..\R5T.L0065\source\R5T.L0065.F002\R5T.L0065.F002.csproj", "{45062682-1350-4099-858D-499F6AC15CD9}"
EndProject
Project("{9A19103F-16F7-4668-BE54-9A1E7A4F7556}") = "R5T.L0065.F003", "..\..\R5T.L0065\source\R5T.L0065.F003\R5T.L0065.F003.csproj", "{06930F1D-3408-4344-89CE-ED9E4CEAAFE6}"
EndProject
Project("{9A19103F-16F7-4668-BE54-9A1E7A4F7556}") = "R5T.L0065.F004", "..\..\R5T.L0065\source\R5T.L0065.F004\R5T.L0065.F004.csproj", "{39A93FCA-7865-4EC9-992D-0EAB0EAA5E7F}"
EndProject
Project("{9A19103F-16F7-4668-BE54-9A1E7A4F7556}") = "R5T.L0065.T000", "..\..\R5T.L0065\source\R5T.L0065.T000\R5T.L0065.T000.csproj", "{DCDE3EEF-BD38-436D-9239-9693BB31AEA0}"
EndProject
Project("{9A19103F-16F7-4668-BE54-9A1E7A4F7556}") = "R5T.L0065", "..\..\R5T.L0065\source\R5T.L0065\R5T.L0065.csproj", "{B5BC4832-6F91-4B24-BCB8-09CBCADF2850}"
EndProject
Project("{9A19103F-16F7-4668-BE54-9A1E7A4F7556}") = "R5T.L0066", "..\..\R5T.L0066\source\R5T.L0066\R5T.L0066.csproj", "{977AF90E-CAAD-4089-B5E0-7E8B00B73A03}"
EndProject
Project("{9A19103F-16F7-4668-BE54-9A1E7A4F7556}") = "R5T.NG0006", "..\..\R5T.NG0006\source\R5T.NG0006\R5T.NG0006.csproj", "{3FB790F8-4A90-423F-8DEA-BDC63660F07C}"
EndProject
Project("{9A19103F-16F7-4668-BE54-9A1E7A4F7556}") = "R5T.NG0008", "..\..\R5T.NG0008\source\R5T.NG0008\R5T.NG0008.csproj", "{436284B0-151B-4C10-9836-D4B1C7609F3F}"
EndProject
Project("{9A19103F-16F7-4668-BE54-9A1E7A4F7556}") = "R5T.NG0022", "..\..\R5T.NG0022\source\R5T.NG0022\R5T.NG0022.csproj", "{B41D0747-BB80-4B15-8697-1A46A3047C24}"
EndProject
Project("{9A19103F-16F7-4668-BE54-9A1E7A4F7556}") = "R5T.T0158", "..\..\R5T.T0158\source\R5T.T0158\R5T.T0158.csproj", "{A6266FF7-2E07-4E91-A748-C15FA0C1EED3}"
EndProject
Project("{9A19103F-16F7-4668-BE54-9A1E7A4F7556}") = "R5T.T0159", "..\..\R5T.T0159\source\R5T.T0159\R5T.T0159.csproj", "{DAAC0F73-D71F-4C82-994E-AE5BD124261D}"
EndProject
Project("{9A19103F-16F7-4668-BE54-9A1E7A4F7556}") = "R5T.T0174", "..\..\R5T.T0174\source\R5T.T0174\R5T.T0174.csproj", "{C925A66B-8B9D-4643-9AE5-23F64EE497D9}"
EndProject
Project("{9A19103F-16F7-4668-BE54-9A1E7A4F7556}") = "R5T.T0176", "..\..\R5T.T0176\source\R5T.T0176\R5T.T0176.csproj", "{45B2AF2A-1E87-4DFE-B7DE-73AA918EB53E}"
EndProject
Project("{9A19103F-16F7-4668-BE54-9A1E7A4F7556}") = "R5T.T0177", "..\..\R5T.T0177\source\R5T.T0177\R5T.T0177.csproj", "{D382711B-1F22-4C4A-A4DD-DBA9B3C97F2A}"
EndProject
Project("{9A19103F-16F7-4668-BE54-9A1E7A4F7556}") = "R5T.T0178", "..\..\R5T.T0178\source\R5T.T0178\R5T.T0178.csproj", "{784A5F1C-22D7-4B2D-9041-F204FD9D91A0}"
EndProject
Project("{9A19103F-16F7-4668-BE54-9A1E7A4F7556}") = "R5T.T0179", "..\..\R5T.T0179\source\R5T.T0179\R5T.T0179.csproj", "{F8EA95BA-E9EC-4D48-877F-D2885A62D1FF}"
EndProject
Project("{9A19103F-16F7-4668-BE54-9A1E7A4F7556}") = "R5T.T0180", "..\..\R5T.T0180\source\R5T.T0180\R5T.T0180.csproj", "{914548B1-8357-4B95-9B31-85BCCF19EA84}"
EndProject
Project("{9A19103F-16F7-4668-BE54-9A1E7A4F7556}") = "R5T.T0181", "..\..\R5T.T0181\source\R5T.T0181\R5T.T0181.csproj", "{CE05A9F3-D35F-4979-ADD7-F177D9F7FC3A}"
EndProject
Project("{9A19103F-16F7-4668-BE54-9A1E7A4F7556}") = "R5T.T0185", "..\..\R5T.T0185\source\R5T.T0185\R5T.T0185.csproj", "{9D0A2BA8-9013-4E5B-A4B6-9A45F5F1D460}"
EndProject
Project("{9A19103F-16F7-4668-BE54-9A1E7A4F7556}") = "R5T.T0199", "..\..\R5T.T0199\source\R5T.T0199\R5T.T0199.csproj", "{0F1AA7A6-9DE3-4EBF-8DA2-EE1F9E9E0B51}"
EndProject
Project("{9A19103F-16F7-4668-BE54-9A1E7A4F7556}") = "R5T.T0213", "..\..\R5T.T0213\source\R5T.T0213\R5T.T0213.csproj", "{52BDBEDE-9FFF-4EFF-80D2-125833C165A0}"
EndProject
Project("{9A19103F-16F7-4668-BE54-9A1E7A4F7556}") = "R5T.T0220", "..\..\R5T.T0220\source\R5T.T0220\R5T.T0220.csproj", "{789DF041-34EF-49B2-97AD-8277D3959896}"
EndProject
Project("{9A19103F-16F7-4668-BE54-9A1E7A4F7556}") = "R5T.T0221", "..\..\R5T.T0221\source\R5T.T0221\R5T.T0221.csproj", "{31C4472B-0D85-4731-8413-6AF463906623}"
EndProject
Project("{9A19103F-16F7-4668-BE54-9A1E7A4F7556}") = "R5T.T0227", "..\..\R5T.T0227\source\R5T.T0227\R5T.T0227.csproj", "{0EBCC45B-707B-4ACE-ADA4-0DF63ABA9F30}"
EndProject
Project("{9A19103F-16F7-4668-BE54-9A1E7A4F7556}") = "R5T.Z0010.Platform", "..\..\R5T.Z0010\source\R5T.Z0010.Platform\R5T.Z0010.Platform.csproj", "{DF9203C8-B507-4F41-9635-9252AF93D5A1}"
EndProject
Project("{9A19103F-16F7-4668-BE54-9A1E7A4F7556}") = "R5T.Z0010", "..\..\R5T.Z0010\source\R5T.Z0010\R5T.Z0010.csproj", "{2C63A93A-FCE1-448E-9020-9F61572C83CA}"
EndProject
Global
	GlobalSection(NestedProjects) = preSolution
		{00982732-595D-44EA-A0E9-EBFDE8B9709D} = {6AD2A594-E850-4B50-9AFC-ED4935C5B014}
		{355568EA-387B-4427-9732-6A564EAAC3FD} = {6AD2A594-E850-4B50-9AFC-ED4935C5B014}
		{7DACF314-4079-49BE-BAF7-18F095E3481A} = {6AD2A594-E850-4B50-9AFC-ED4935C5B014}
		{54FD0EC7-7C37-4FB1-AAC7-1216FE519BB7} = {6AD2A594-E850-4B50-9AFC-ED4935C5B014}
		{C4E050E7-442A-41EB-A271-4CE3FDC1CE3D} = {6AD2A594-E850-4B50-9AFC-ED4935C5B014}
		{74CC92A3-976F-414C-93F7-244903D5720E} = {6AD2A594-E850-4B50-9AFC-ED4935C5B014}
		{4869A4A7-EF6B-483C-8D7C-6BB5AF59FFD2} = {6AD2A594-E850-4B50-9AFC-ED4935C5B014}
		{4D868F47-8BEB-4017-ACF4-E41EC3CC5BA9} = {6AD2A594-E850-4B50-9AFC-ED4935C5B014}
		{92B6B121-3873-4347-A011-481181D2776A} = {6AD2A594-E850-4B50-9AFC-ED4935C5B014}
		{49EC7A07-524F-4D33-8885-312F96EDE783} = {6AD2A594-E850-4B50-9AFC-ED4935C5B014}
		{59FC689B-1D9E-465C-A38C-1870D8CE2C75} = {6AD2A594-E850-4B50-9AFC-ED4935C5B014}
		{4A8EC0F1-92B4-4E71-A5F5-BE85491EB7C3} = {6AD2A594-E850-4B50-9AFC-ED4935C5B014}
		{D09218D6-14EA-477C-9550-9E8043F8819E} = {6AD2A594-E850-4B50-9AFC-ED4935C5B014}
		{D162DF3C-F474-4117-8C8E-599123BB5AD8} = {6AD2A594-E850-4B50-9AFC-ED4935C5B014}
		{AAD636F6-DBF2-4368-BDA1-4A90F141848C} = {6AD2A594-E850-4B50-9AFC-ED4935C5B014}
		{2EA587B1-0352-41F6-842B-0656962215DF} = {6AD2A594-E850-4B50-9AFC-ED4935C5B014}
		{E644CCA7-C7FE-4D6F-BFAA-DC683A103853} = {6AD2A594-E850-4B50-9AFC-ED4935C5B014}
		{0F256C86-DF47-4DE6-A5BF-7077B761B0AA} = {6AD2A594-E850-4B50-9AFC-ED4935C5B014}
		{7700A615-FC09-42E9-8608-DAD510DBE97B} = {6AD2A594-E850-4B50-9AFC-ED4935C5B014}
		{5E944C15-8F52-4394-96D2-F45D335A8677} = {6AD2A594-E850-4B50-9AFC-ED4935C5B014}
		{12D36AF7-AB82-4DF5-9FAF-50AC612D4BFE} = {6AD2A594-E850-4B50-9AFC-ED4935C5B014}
		{86AC253E-5668-4359-89A3-0FBA1F643F3C} = {6AD2A594-E850-4B50-9AFC-ED4935C5B014}
		{7254FAFB-A7E8-4990-8021-CD3EA9E27D87} = {6AD2A594-E850-4B50-9AFC-ED4935C5B014}
		{D7BBFA42-8ACF-42F7-A7D1-2E9494952A8D} = {6AD2A594-E850-4B50-9AFC-ED4935C5B014}
		{F53BDB3A-4933-4FA8-A03B-D14252843EB3} = {6AD2A594-E850-4B50-9AFC-ED4935C5B014}
		{1B2B3C67-3243-4F0B-8821-F56562AC878E} = {6AD2A594-E850-4B50-9AFC-ED4935C5B014}
		{7D2894F9-0010-4434-B472-48655B60312B} = {6AD2A594-E850-4B50-9AFC-ED4935C5B014}
		{9FDFB64C-54A8-472C-824F-1E9FE5A3C021} = {6AD2A594-E850-4B50-9AFC-ED4935C5B014}
		{2EE172AF-EB33-4545-BC44-969C1DB83471} = {6AD2A594-E850-4B50-9AFC-ED4935C5B014}
		{B33B07A8-6B46-4DAF-8E24-E5F4BA750896} = {6AD2A594-E850-4B50-9AFC-ED4935C5B014}
		{35B7B70B-E898-4424-B0D8-709FE0F8F5E4} = {6AD2A594-E850-4B50-9AFC-ED4935C5B014}
		{42FA66FD-F2D3-41F5-89EB-F7F48B051729} = {6AD2A594-E850-4B50-9AFC-ED4935C5B014}
		{A0A0D63C-E4D6-448E-8E20-66F7599C3E79} = {6AD2A594-E850-4B50-9AFC-ED4935C5B014}
		{74AD7965-03A3-43D9-B6F5-C32B407EAD28} = {6AD2A594-E850-4B50-9AFC-ED4935C5B014}
		{9AEBABD6-7E89-49DB-875F-D9A1F2913E3C} = {6AD2A594-E850-4B50-9AFC-ED4935C5B014}
		{03D2CDB8-F749-46B5-A763-7C51E7910A3B} = {6AD2A594-E850-4B50-9AFC-ED4935C5B014}
		{0C6D63B9-EF5A-4C29-B600-55FD48977E24} = {6AD2A594-E850-4B50-9AFC-ED4935C5B014}
		{28D48C4F-5341-42D1-9FB3-883293F6FAAA} = {6AD2A594-E850-4B50-9AFC-ED4935C5B014}
		{D02BB706-E6EE-4D1F-9E2B-42795A369B74} = {6AD2A594-E850-4B50-9AFC-ED4935C5B014}
		{45062682-1350-4099-858D-499F6AC15CD9} = {6AD2A594-E850-4B50-9AFC-ED4935C5B014}
		{06930F1D-3408-4344-89CE-ED9E4CEAAFE6} = {6AD2A594-E850-4B50-9AFC-ED4935C5B014}
		{39A93FCA-7865-4EC9-992D-0EAB0EAA5E7F} = {6AD2A594-E850-4B50-9AFC-ED4935C5B014}
		{DCDE3EEF-BD38-436D-9239-9693BB31AEA0} = {6AD2A594-E850-4B50-9AFC-ED4935C5B014}
		{B5BC4832-6F91-4B24-BCB8-09CBCADF2850} = {6AD2A594-E850-4B50-9AFC-ED4935C5B014}
		{977AF90E-CAAD-4089-B5E0-7E8B00B73A03} = {6AD2A594-E850-4B50-9AFC-ED4935C5B014}
		{3FB790F8-4A90-423F-8DEA-BDC63660F07C} = {6AD2A594-E850-4B50-9AFC-ED4935C5B014}
		{436284B0-151B-4C10-9836-D4B1C7609F3F} = {6AD2A594-E850-4B50-9AFC-ED4935C5B014}
		{B41D0747-BB80-4B15-8697-1A46A3047C24} = {6AD2A594-E850-4B50-9AFC-ED4935C5B014}
		{A6266FF7-2E07-4E91-A748-C15FA0C1EED3} = {6AD2A594-E850-4B50-9AFC-ED4935C5B014}
		{DAAC0F73-D71F-4C82-994E-AE5BD124261D} = {6AD2A594-E850-4B50-9AFC-ED4935C5B014}
		{C925A66B-8B9D-4643-9AE5-23F64EE497D9} = {6AD2A594-E850-4B50-9AFC-ED4935C5B014}
		{45B2AF2A-1E87-4DFE-B7DE-73AA918EB53E} = {6AD2A594-E850-4B50-9AFC-ED4935C5B014}
		{D382711B-1F22-4C4A-A4DD-DBA9B3C97F2A} = {6AD2A594-E850-4B50-9AFC-ED4935C5B014}
		{784A5F1C-22D7-4B2D-9041-F204FD9D91A0} = {6AD2A594-E850-4B50-9AFC-ED4935C5B014}
		{F8EA95BA-E9EC-4D48-877F-D2885A62D1FF} = {6AD2A594-E850-4B50-9AFC-ED4935C5B014}
		{914548B1-8357-4B95-9B31-85BCCF19EA84} = {6AD2A594-E850-4B50-9AFC-ED4935C5B014}
		{CE05A9F3-D35F-4979-ADD7-F177D9F7FC3A} = {6AD2A594-E850-4B50-9AFC-ED4935C5B014}
		{9D0A2BA8-9013-4E5B-A4B6-9A45F5F1D460} = {6AD2A594-E850-4B50-9AFC-ED4935C5B014}
		{0F1AA7A6-9DE3-4EBF-8DA2-EE1F9E9E0B51} = {6AD2A594-E850-4B50-9AFC-ED4935C5B014}
		{52BDBEDE-9FFF-4EFF-80D2-125833C165A0} = {6AD2A594-E850-4B50-9AFC-ED4935C5B014}
		{789DF041-34EF-49B2-97AD-8277D3959896} = {6AD2A594-E850-4B50-9AFC-ED4935C5B014}
		{31C4472B-0D85-4731-8413-6AF463906623} = {6AD2A594-E850-4B50-9AFC-ED4935C5B014}
		{0EBCC45B-707B-4ACE-ADA4-0DF63ABA9F30} = {6AD2A594-E850-4B50-9AFC-ED4935C5B014}
		{DF9203C8-B507-4F41-9635-9252AF93D5A1} = {6AD2A594-E850-4B50-9AFC-ED4935C5B014}
		{2C63A93A-FCE1-448E-9020-9F61572C83CA} = {6AD2A594-E850-4B50-9AFC-ED4935C5B014}
	EndGlobalSection
	GlobalSection(SolutionConfigurationPlatforms) = preSolution
		Debug|Any CPU = Debug|Any CPU
		Release|Any CPU = Release|Any CPU
	EndGlobalSection
	GlobalSection(ProjectConfigurationPlatforms) = postSolution
		{F6511E67-FBB0-4FAD-907D-0A28B49EED53}.Debug|Any CPU.ActiveCfg = Debug|Any CPU
		{F6511E67-FBB0-4FAD-907D-0A28B49EED53}.Debug|Any CPU.Build.0 = Debug|Any CPU
		{F6511E67-FBB0-4FAD-907D-0A28B49EED53}.Release|Any CPU.ActiveCfg = Release|Any CPU
		{F6511E67-FBB0-4FAD-907D-0A28B49EED53}.Release|Any CPU.Build.0 = Release|Any CPU
		{00982732-595D-44EA-A0E9-EBFDE8B9709D}.Debug|Any CPU.ActiveCfg = Debug|Any CPU
		{00982732-595D-44EA-A0E9-EBFDE8B9709D}.Debug|Any CPU.Build.0 = Debug|Any CPU
		{00982732-595D-44EA-A0E9-EBFDE8B9709D}.Release|Any CPU.ActiveCfg = Release|Any CPU
		{00982732-595D-44EA-A0E9-EBFDE8B9709D}.Release|Any CPU.Build.0 = Release|Any CPU
		{355568EA-387B-4427-9732-6A564EAAC3FD}.Debug|Any CPU.ActiveCfg = Debug|Any CPU
		{355568EA-387B-4427-9732-6A564EAAC3FD}.Debug|Any CPU.Build.0 = Debug|Any CPU
		{355568EA-387B-4427-9732-6A564EAAC3FD}.Release|Any CPU.ActiveCfg = Release|Any CPU
		{355568EA-387B-4427-9732-6A564EAAC3FD}.Release|Any CPU.Build.0 = Release|Any CPU
		{7DACF314-4079-49BE-BAF7-18F095E3481A}.Debug|Any CPU.ActiveCfg = Debug|Any CPU
		{7DACF314-4079-49BE-BAF7-18F095E3481A}.Debug|Any CPU.Build.0 = Debug|Any CPU
		{7DACF314-4079-49BE-BAF7-18F095E3481A}.Release|Any CPU.ActiveCfg = Release|Any CPU
		{7DACF314-4079-49BE-BAF7-18F095E3481A}.Release|Any CPU.Build.0 = Release|Any CPU
		{54FD0EC7-7C37-4FB1-AAC7-1216FE519BB7}.Debug|Any CPU.ActiveCfg = Debug|Any CPU
		{54FD0EC7-7C37-4FB1-AAC7-1216FE519BB7}.Debug|Any CPU.Build.0 = Debug|Any CPU
		{54FD0EC7-7C37-4FB1-AAC7-1216FE519BB7}.Release|Any CPU.ActiveCfg = Release|Any CPU
		{54FD0EC7-7C37-4FB1-AAC7-1216FE519BB7}.Release|Any CPU.Build.0 = Release|Any CPU
		{C4E050E7-442A-41EB-A271-4CE3FDC1CE3D}.Debug|Any CPU.ActiveCfg = Debug|Any CPU
		{C4E050E7-442A-41EB-A271-4CE3FDC1CE3D}.Debug|Any CPU.Build.0 = Debug|Any CPU
		{C4E050E7-442A-41EB-A271-4CE3FDC1CE3D}.Release|Any CPU.ActiveCfg = Release|Any CPU
		{C4E050E7-442A-41EB-A271-4CE3FDC1CE3D}.Release|Any CPU.Build.0 = Release|Any CPU
		{74CC92A3-976F-414C-93F7-244903D5720E}.Debug|Any CPU.ActiveCfg = Debug|Any CPU
		{74CC92A3-976F-414C-93F7-244903D5720E}.Debug|Any CPU.Build.0 = Debug|Any CPU
		{74CC92A3-976F-414C-93F7-244903D5720E}.Release|Any CPU.ActiveCfg = Release|Any CPU
		{74CC92A3-976F-414C-93F7-244903D5720E}.Release|Any CPU.Build.0 = Release|Any CPU
		{4869A4A7-EF6B-483C-8D7C-6BB5AF59FFD2}.Debug|Any CPU.ActiveCfg = Debug|Any CPU
		{4869A4A7-EF6B-483C-8D7C-6BB5AF59FFD2}.Debug|Any CPU.Build.0 = Debug|Any CPU
		{4869A4A7-EF6B-483C-8D7C-6BB5AF59FFD2}.Release|Any CPU.ActiveCfg = Release|Any CPU
		{4869A4A7-EF6B-483C-8D7C-6BB5AF59FFD2}.Release|Any CPU.Build.0 = Release|Any CPU
		{4D868F47-8BEB-4017-ACF4-E41EC3CC5BA9}.Debug|Any CPU.ActiveCfg = Debug|Any CPU
		{4D868F47-8BEB-4017-ACF4-E41EC3CC5BA9}.Debug|Any CPU.Build.0 = Debug|Any CPU
		{4D868F47-8BEB-4017-ACF4-E41EC3CC5BA9}.Release|Any CPU.ActiveCfg = Release|Any CPU
		{4D868F47-8BEB-4017-ACF4-E41EC3CC5BA9}.Release|Any CPU.Build.0 = Release|Any CPU
		{92B6B121-3873-4347-A011-481181D2776A}.Debug|Any CPU.ActiveCfg = Debug|Any CPU
		{92B6B121-3873-4347-A011-481181D2776A}.Debug|Any CPU.Build.0 = Debug|Any CPU
		{92B6B121-3873-4347-A011-481181D2776A}.Release|Any CPU.ActiveCfg = Release|Any CPU
		{92B6B121-3873-4347-A011-481181D2776A}.Release|Any CPU.Build.0 = Release|Any CPU
		{49EC7A07-524F-4D33-8885-312F96EDE783}.Debug|Any CPU.ActiveCfg = Debug|Any CPU
		{49EC7A07-524F-4D33-8885-312F96EDE783}.Debug|Any CPU.Build.0 = Debug|Any CPU
		{49EC7A07-524F-4D33-8885-312F96EDE783}.Release|Any CPU.ActiveCfg = Release|Any CPU
		{49EC7A07-524F-4D33-8885-312F96EDE783}.Release|Any CPU.Build.0 = Release|Any CPU
		{59FC689B-1D9E-465C-A38C-1870D8CE2C75}.Debug|Any CPU.ActiveCfg = Debug|Any CPU
		{59FC689B-1D9E-465C-A38C-1870D8CE2C75}.Debug|Any CPU.Build.0 = Debug|Any CPU
		{59FC689B-1D9E-465C-A38C-1870D8CE2C75}.Release|Any CPU.ActiveCfg = Release|Any CPU
		{59FC689B-1D9E-465C-A38C-1870D8CE2C75}.Release|Any CPU.Build.0 = Release|Any CPU
		{4A8EC0F1-92B4-4E71-A5F5-BE85491EB7C3}.Debug|Any CPU.ActiveCfg = Debug|Any CPU
		{4A8EC0F1-92B4-4E71-A5F5-BE85491EB7C3}.Debug|Any CPU.Build.0 = Debug|Any CPU
		{4A8EC0F1-92B4-4E71-A5F5-BE85491EB7C3}.Release|Any CPU.ActiveCfg = Release|Any CPU
		{4A8EC0F1-92B4-4E71-A5F5-BE85491EB7C3}.Release|Any CPU.Build.0 = Release|Any CPU
		{D09218D6-14EA-477C-9550-9E8043F8819E}.Debug|Any CPU.ActiveCfg = Debug|Any CPU
		{D09218D6-14EA-477C-9550-9E8043F8819E}.Debug|Any CPU.Build.0 = Debug|Any CPU
		{D09218D6-14EA-477C-9550-9E8043F8819E}.Release|Any CPU.ActiveCfg = Release|Any CPU
		{D09218D6-14EA-477C-9550-9E8043F8819E}.Release|Any CPU.Build.0 = Release|Any CPU
		{D162DF3C-F474-4117-8C8E-599123BB5AD8}.Debug|Any CPU.ActiveCfg = Debug|Any CPU
		{D162DF3C-F474-4117-8C8E-599123BB5AD8}.Debug|Any CPU.Build.0 = Debug|Any CPU
		{D162DF3C-F474-4117-8C8E-599123BB5AD8}.Release|Any CPU.ActiveCfg = Release|Any CPU
		{D162DF3C-F474-4117-8C8E-599123BB5AD8}.Release|Any CPU.Build.0 = Release|Any CPU
		{AAD636F6-DBF2-4368-BDA1-4A90F141848C}.Debug|Any CPU.ActiveCfg = Debug|Any CPU
		{AAD636F6-DBF2-4368-BDA1-4A90F141848C}.Debug|Any CPU.Build.0 = Debug|Any CPU
		{AAD636F6-DBF2-4368-BDA1-4A90F141848C}.Release|Any CPU.ActiveCfg = Release|Any CPU
		{AAD636F6-DBF2-4368-BDA1-4A90F141848C}.Release|Any CPU.Build.0 = Release|Any CPU
		{2EA587B1-0352-41F6-842B-0656962215DF}.Debug|Any CPU.ActiveCfg = Debug|Any CPU
		{2EA587B1-0352-41F6-842B-0656962215DF}.Debug|Any CPU.Build.0 = Debug|Any CPU
		{2EA587B1-0352-41F6-842B-0656962215DF}.Release|Any CPU.ActiveCfg = Release|Any CPU
		{2EA587B1-0352-41F6-842B-0656962215DF}.Release|Any CPU.Build.0 = Release|Any CPU
		{E644CCA7-C7FE-4D6F-BFAA-DC683A103853}.Debug|Any CPU.ActiveCfg = Debug|Any CPU
		{E644CCA7-C7FE-4D6F-BFAA-DC683A103853}.Debug|Any CPU.Build.0 = Debug|Any CPU
		{E644CCA7-C7FE-4D6F-BFAA-DC683A103853}.Release|Any CPU.ActiveCfg = Release|Any CPU
		{E644CCA7-C7FE-4D6F-BFAA-DC683A103853}.Release|Any CPU.Build.0 = Release|Any CPU
		{0F256C86-DF47-4DE6-A5BF-7077B761B0AA}.Debug|Any CPU.ActiveCfg = Debug|Any CPU
		{0F256C86-DF47-4DE6-A5BF-7077B761B0AA}.Debug|Any CPU.Build.0 = Debug|Any CPU
		{0F256C86-DF47-4DE6-A5BF-7077B761B0AA}.Release|Any CPU.ActiveCfg = Release|Any CPU
		{0F256C86-DF47-4DE6-A5BF-7077B761B0AA}.Release|Any CPU.Build.0 = Release|Any CPU
		{7700A615-FC09-42E9-8608-DAD510DBE97B}.Debug|Any CPU.ActiveCfg = Debug|Any CPU
		{7700A615-FC09-42E9-8608-DAD510DBE97B}.Debug|Any CPU.Build.0 = Debug|Any CPU
		{7700A615-FC09-42E9-8608-DAD510DBE97B}.Release|Any CPU.ActiveCfg = Release|Any CPU
		{7700A615-FC09-42E9-8608-DAD510DBE97B}.Release|Any CPU.Build.0 = Release|Any CPU
		{5E944C15-8F52-4394-96D2-F45D335A8677}.Debug|Any CPU.ActiveCfg = Debug|Any CPU
		{5E944C15-8F52-4394-96D2-F45D335A8677}.Debug|Any CPU.Build.0 = Debug|Any CPU
		{5E944C15-8F52-4394-96D2-F45D335A8677}.Release|Any CPU.ActiveCfg = Release|Any CPU
		{5E944C15-8F52-4394-96D2-F45D335A8677}.Release|Any CPU.Build.0 = Release|Any CPU
		{12D36AF7-AB82-4DF5-9FAF-50AC612D4BFE}.Debug|Any CPU.ActiveCfg = Debug|Any CPU
		{12D36AF7-AB82-4DF5-9FAF-50AC612D4BFE}.Debug|Any CPU.Build.0 = Debug|Any CPU
		{12D36AF7-AB82-4DF5-9FAF-50AC612D4BFE}.Release|Any CPU.ActiveCfg = Release|Any CPU
		{12D36AF7-AB82-4DF5-9FAF-50AC612D4BFE}.Release|Any CPU.Build.0 = Release|Any CPU
		{86AC253E-5668-4359-89A3-0FBA1F643F3C}.Debug|Any CPU.ActiveCfg = Debug|Any CPU
		{86AC253E-5668-4359-89A3-0FBA1F643F3C}.Debug|Any CPU.Build.0 = Debug|Any CPU
		{86AC253E-5668-4359-89A3-0FBA1F643F3C}.Release|Any CPU.ActiveCfg = Release|Any CPU
		{86AC253E-5668-4359-89A3-0FBA1F643F3C}.Release|Any CPU.Build.0 = Release|Any CPU
		{7254FAFB-A7E8-4990-8021-CD3EA9E27D87}.Debug|Any CPU.ActiveCfg = Debug|Any CPU
		{7254FAFB-A7E8-4990-8021-CD3EA9E27D87}.Debug|Any CPU.Build.0 = Debug|Any CPU
		{7254FAFB-A7E8-4990-8021-CD3EA9E27D87}.Release|Any CPU.ActiveCfg = Release|Any CPU
		{7254FAFB-A7E8-4990-8021-CD3EA9E27D87}.Release|Any CPU.Build.0 = Release|Any CPU
		{D7BBFA42-8ACF-42F7-A7D1-2E9494952A8D}.Debug|Any CPU.ActiveCfg = Debug|Any CPU
		{D7BBFA42-8ACF-42F7-A7D1-2E9494952A8D}.Debug|Any CPU.Build.0 = Debug|Any CPU
		{D7BBFA42-8ACF-42F7-A7D1-2E9494952A8D}.Release|Any CPU.ActiveCfg = Release|Any CPU
		{D7BBFA42-8ACF-42F7-A7D1-2E9494952A8D}.Release|Any CPU.Build.0 = Release|Any CPU
		{F53BDB3A-4933-4FA8-A03B-D14252843EB3}.Debug|Any CPU.ActiveCfg = Debug|Any CPU
		{F53BDB3A-4933-4FA8-A03B-D14252843EB3}.Debug|Any CPU.Build.0 = Debug|Any CPU
		{F53BDB3A-4933-4FA8-A03B-D14252843EB3}.Release|Any CPU.ActiveCfg = Release|Any CPU
		{F53BDB3A-4933-4FA8-A03B-D14252843EB3}.Release|Any CPU.Build.0 = Release|Any CPU
		{1B2B3C67-3243-4F0B-8821-F56562AC878E}.Debug|Any CPU.ActiveCfg = Debug|Any CPU
		{1B2B3C67-3243-4F0B-8821-F56562AC878E}.Debug|Any CPU.Build.0 = Debug|Any CPU
		{1B2B3C67-3243-4F0B-8821-F56562AC878E}.Release|Any CPU.ActiveCfg = Release|Any CPU
		{1B2B3C67-3243-4F0B-8821-F56562AC878E}.Release|Any CPU.Build.0 = Release|Any CPU
		{7D2894F9-0010-4434-B472-48655B60312B}.Debug|Any CPU.ActiveCfg = Debug|Any CPU
		{7D2894F9-0010-4434-B472-48655B60312B}.Debug|Any CPU.Build.0 = Debug|Any CPU
		{7D2894F9-0010-4434-B472-48655B60312B}.Release|Any CPU.ActiveCfg = Release|Any CPU
		{7D2894F9-0010-4434-B472-48655B60312B}.Release|Any CPU.Build.0 = Release|Any CPU
		{9FDFB64C-54A8-472C-824F-1E9FE5A3C021}.Debug|Any CPU.ActiveCfg = Debug|Any CPU
		{9FDFB64C-54A8-472C-824F-1E9FE5A3C021}.Debug|Any CPU.Build.0 = Debug|Any CPU
		{9FDFB64C-54A8-472C-824F-1E9FE5A3C021}.Release|Any CPU.ActiveCfg = Release|Any CPU
		{9FDFB64C-54A8-472C-824F-1E9FE5A3C021}.Release|Any CPU.Build.0 = Release|Any CPU
		{2EE172AF-EB33-4545-BC44-969C1DB83471}.Debug|Any CPU.ActiveCfg = Debug|Any CPU
		{2EE172AF-EB33-4545-BC44-969C1DB83471}.Debug|Any CPU.Build.0 = Debug|Any CPU
		{2EE172AF-EB33-4545-BC44-969C1DB83471}.Release|Any CPU.ActiveCfg = Release|Any CPU
		{2EE172AF-EB33-4545-BC44-969C1DB83471}.Release|Any CPU.Build.0 = Release|Any CPU
		{B33B07A8-6B46-4DAF-8E24-E5F4BA750896}.Debug|Any CPU.ActiveCfg = Debug|Any CPU
		{B33B07A8-6B46-4DAF-8E24-E5F4BA750896}.Debug|Any CPU.Build.0 = Debug|Any CPU
		{B33B07A8-6B46-4DAF-8E24-E5F4BA750896}.Release|Any CPU.ActiveCfg = Release|Any CPU
		{B33B07A8-6B46-4DAF-8E24-E5F4BA750896}.Release|Any CPU.Build.0 = Release|Any CPU
		{35B7B70B-E898-4424-B0D8-709FE0F8F5E4}.Debug|Any CPU.ActiveCfg = Debug|Any CPU
		{35B7B70B-E898-4424-B0D8-709FE0F8F5E4}.Debug|Any CPU.Build.0 = Debug|Any CPU
		{35B7B70B-E898-4424-B0D8-709FE0F8F5E4}.Release|Any CPU.ActiveCfg = Release|Any CPU
		{35B7B70B-E898-4424-B0D8-709FE0F8F5E4}.Release|Any CPU.Build.0 = Release|Any CPU
		{42FA66FD-F2D3-41F5-89EB-F7F48B051729}.Debug|Any CPU.ActiveCfg = Debug|Any CPU
		{42FA66FD-F2D3-41F5-89EB-F7F48B051729}.Debug|Any CPU.Build.0 = Debug|Any CPU
		{42FA66FD-F2D3-41F5-89EB-F7F48B051729}.Release|Any CPU.ActiveCfg = Release|Any CPU
		{42FA66FD-F2D3-41F5-89EB-F7F48B051729}.Release|Any CPU.Build.0 = Release|Any CPU
		{A0A0D63C-E4D6-448E-8E20-66F7599C3E79}.Debug|Any CPU.ActiveCfg = Debug|Any CPU
		{A0A0D63C-E4D6-448E-8E20-66F7599C3E79}.Debug|Any CPU.Build.0 = Debug|Any CPU
		{A0A0D63C-E4D6-448E-8E20-66F7599C3E79}.Release|Any CPU.ActiveCfg = Release|Any CPU
		{A0A0D63C-E4D6-448E-8E20-66F7599C3E79}.Release|Any CPU.Build.0 = Release|Any CPU
		{74AD7965-03A3-43D9-B6F5-C32B407EAD28}.Debug|Any CPU.ActiveCfg = Debug|Any CPU
		{74AD7965-03A3-43D9-B6F5-C32B407EAD28}.Debug|Any CPU.Build.0 = Debug|Any CPU
		{74AD7965-03A3-43D9-B6F5-C32B407EAD28}.Release|Any CPU.ActiveCfg = Release|Any CPU
		{74AD7965-03A3-43D9-B6F5-C32B407EAD28}.Release|Any CPU.Build.0 = Release|Any CPU
		{9AEBABD6-7E89-49DB-875F-D9A1F2913E3C}.Debug|Any CPU.ActiveCfg = Debug|Any CPU
		{9AEBABD6-7E89-49DB-875F-D9A1F2913E3C}.Debug|Any CPU.Build.0 = Debug|Any CPU
		{9AEBABD6-7E89-49DB-875F-D9A1F2913E3C}.Release|Any CPU.ActiveCfg = Release|Any CPU
		{9AEBABD6-7E89-49DB-875F-D9A1F2913E3C}.Release|Any CPU.Build.0 = Release|Any CPU
		{03D2CDB8-F749-46B5-A763-7C51E7910A3B}.Debug|Any CPU.ActiveCfg = Debug|Any CPU
		{03D2CDB8-F749-46B5-A763-7C51E7910A3B}.Debug|Any CPU.Build.0 = Debug|Any CPU
		{03D2CDB8-F749-46B5-A763-7C51E7910A3B}.Release|Any CPU.ActiveCfg = Release|Any CPU
		{03D2CDB8-F749-46B5-A763-7C51E7910A3B}.Release|Any CPU.Build.0 = Release|Any CPU
		{0C6D63B9-EF5A-4C29-B600-55FD48977E24}.Debug|Any CPU.ActiveCfg = Debug|Any CPU
		{0C6D63B9-EF5A-4C29-B600-55FD48977E24}.Debug|Any CPU.Build.0 = Debug|Any CPU
		{0C6D63B9-EF5A-4C29-B600-55FD48977E24}.Release|Any CPU.ActiveCfg = Release|Any CPU
		{0C6D63B9-EF5A-4C29-B600-55FD48977E24}.Release|Any CPU.Build.0 = Release|Any CPU
		{28D48C4F-5341-42D1-9FB3-883293F6FAAA}.Debug|Any CPU.ActiveCfg = Debug|Any CPU
		{28D48C4F-5341-42D1-9FB3-883293F6FAAA}.Debug|Any CPU.Build.0 = Debug|Any CPU
		{28D48C4F-5341-42D1-9FB3-883293F6FAAA}.Release|Any CPU.ActiveCfg = Release|Any CPU
		{28D48C4F-5341-42D1-9FB3-883293F6FAAA}.Release|Any CPU.Build.0 = Release|Any CPU
		{D02BB706-E6EE-4D1F-9E2B-42795A369B74}.Debug|Any CPU.ActiveCfg = Debug|Any CPU
		{D02BB706-E6EE-4D1F-9E2B-42795A369B74}.Debug|Any CPU.Build.0 = Debug|Any CPU
		{D02BB706-E6EE-4D1F-9E2B-42795A369B74}.Release|Any CPU.ActiveCfg = Release|Any CPU
		{D02BB706-E6EE-4D1F-9E2B-42795A369B74}.Release|Any CPU.Build.0 = Release|Any CPU
		{45062682-1350-4099-858D-499F6AC15CD9}.Debug|Any CPU.ActiveCfg = Debug|Any CPU
		{45062682-1350-4099-858D-499F6AC15CD9}.Debug|Any CPU.Build.0 = Debug|Any CPU
		{45062682-1350-4099-858D-499F6AC15CD9}.Release|Any CPU.ActiveCfg = Release|Any CPU
		{45062682-1350-4099-858D-499F6AC15CD9}.Release|Any CPU.Build.0 = Release|Any CPU
		{06930F1D-3408-4344-89CE-ED9E4CEAAFE6}.Debug|Any CPU.ActiveCfg = Debug|Any CPU
		{06930F1D-3408-4344-89CE-ED9E4CEAAFE6}.Debug|Any CPU.Build.0 = Debug|Any CPU
		{06930F1D-3408-4344-89CE-ED9E4CEAAFE6}.Release|Any CPU.ActiveCfg = Release|Any CPU
		{06930F1D-3408-4344-89CE-ED9E4CEAAFE6}.Release|Any CPU.Build.0 = Release|Any CPU
		{39A93FCA-7865-4EC9-992D-0EAB0EAA5E7F}.Debug|Any CPU.ActiveCfg = Debug|Any CPU
		{39A93FCA-7865-4EC9-992D-0EAB0EAA5E7F}.Debug|Any CPU.Build.0 = Debug|Any CPU
		{39A93FCA-7865-4EC9-992D-0EAB0EAA5E7F}.Release|Any CPU.ActiveCfg = Release|Any CPU
		{39A93FCA-7865-4EC9-992D-0EAB0EAA5E7F}.Release|Any CPU.Build.0 = Release|Any CPU
		{DCDE3EEF-BD38-436D-9239-9693BB31AEA0}.Debug|Any CPU.ActiveCfg = Debug|Any CPU
		{DCDE3EEF-BD38-436D-9239-9693BB31AEA0}.Debug|Any CPU.Build.0 = Debug|Any CPU
		{DCDE3EEF-BD38-436D-9239-9693BB31AEA0}.Release|Any CPU.ActiveCfg = Release|Any CPU
		{DCDE3EEF-BD38-436D-9239-9693BB31AEA0}.Release|Any CPU.Build.0 = Release|Any CPU
		{B5BC4832-6F91-4B24-BCB8-09CBCADF2850}.Debug|Any CPU.ActiveCfg = Debug|Any CPU
		{B5BC4832-6F91-4B24-BCB8-09CBCADF2850}.Debug|Any CPU.Build.0 = Debug|Any CPU
		{B5BC4832-6F91-4B24-BCB8-09CBCADF2850}.Release|Any CPU.ActiveCfg = Release|Any CPU
		{B5BC4832-6F91-4B24-BCB8-09CBCADF2850}.Release|Any CPU.Build.0 = Release|Any CPU
		{977AF90E-CAAD-4089-B5E0-7E8B00B73A03}.Debug|Any CPU.ActiveCfg = Debug|Any CPU
		{977AF90E-CAAD-4089-B5E0-7E8B00B73A03}.Debug|Any CPU.Build.0 = Debug|Any CPU
		{977AF90E-CAAD-4089-B5E0-7E8B00B73A03}.Release|Any CPU.ActiveCfg = Release|Any CPU
		{977AF90E-CAAD-4089-B5E0-7E8B00B73A03}.Release|Any CPU.Build.0 = Release|Any CPU
		{3FB790F8-4A90-423F-8DEA-BDC63660F07C}.Debug|Any CPU.ActiveCfg = Debug|Any CPU
		{3FB790F8-4A90-423F-8DEA-BDC63660F07C}.Debug|Any CPU.Build.0 = Debug|Any CPU
		{3FB790F8-4A90-423F-8DEA-BDC63660F07C}.Release|Any CPU.ActiveCfg = Release|Any CPU
		{3FB790F8-4A90-423F-8DEA-BDC63660F07C}.Release|Any CPU.Build.0 = Release|Any CPU
		{436284B0-151B-4C10-9836-D4B1C7609F3F}.Debug|Any CPU.ActiveCfg = Debug|Any CPU
		{436284B0-151B-4C10-9836-D4B1C7609F3F}.Debug|Any CPU.Build.0 = Debug|Any CPU
		{436284B0-151B-4C10-9836-D4B1C7609F3F}.Release|Any CPU.ActiveCfg = Release|Any CPU
		{436284B0-151B-4C10-9836-D4B1C7609F3F}.Release|Any CPU.Build.0 = Release|Any CPU
		{B41D0747-BB80-4B15-8697-1A46A3047C24}.Debug|Any CPU.ActiveCfg = Debug|Any CPU
		{B41D0747-BB80-4B15-8697-1A46A3047C24}.Debug|Any CPU.Build.0 = Debug|Any CPU
		{B41D0747-BB80-4B15-8697-1A46A3047C24}.Release|Any CPU.ActiveCfg = Release|Any CPU
		{B41D0747-BB80-4B15-8697-1A46A3047C24}.Release|Any CPU.Build.0 = Release|Any CPU
		{A6266FF7-2E07-4E91-A748-C15FA0C1EED3}.Debug|Any CPU.ActiveCfg = Debug|Any CPU
		{A6266FF7-2E07-4E91-A748-C15FA0C1EED3}.Debug|Any CPU.Build.0 = Debug|Any CPU
		{A6266FF7-2E07-4E91-A748-C15FA0C1EED3}.Release|Any CPU.ActiveCfg = Release|Any CPU
		{A6266FF7-2E07-4E91-A748-C15FA0C1EED3}.Release|Any CPU.Build.0 = Release|Any CPU
		{DAAC0F73-D71F-4C82-994E-AE5BD124261D}.Debug|Any CPU.ActiveCfg = Debug|Any CPU
		{DAAC0F73-D71F-4C82-994E-AE5BD124261D}.Debug|Any CPU.Build.0 = Debug|Any CPU
		{DAAC0F73-D71F-4C82-994E-AE5BD124261D}.Release|Any CPU.ActiveCfg = Release|Any CPU
		{DAAC0F73-D71F-4C82-994E-AE5BD124261D}.Release|Any CPU.Build.0 = Release|Any CPU
		{C925A66B-8B9D-4643-9AE5-23F64EE497D9}.Debug|Any CPU.ActiveCfg = Debug|Any CPU
		{C925A66B-8B9D-4643-9AE5-23F64EE497D9}.Debug|Any CPU.Build.0 = Debug|Any CPU
		{C925A66B-8B9D-4643-9AE5-23F64EE497D9}.Release|Any CPU.ActiveCfg = Release|Any CPU
		{C925A66B-8B9D-4643-9AE5-23F64EE497D9}.Release|Any CPU.Build.0 = Release|Any CPU
		{45B2AF2A-1E87-4DFE-B7DE-73AA918EB53E}.Debug|Any CPU.ActiveCfg = Debug|Any CPU
		{45B2AF2A-1E87-4DFE-B7DE-73AA918EB53E}.Debug|Any CPU.Build.0 = Debug|Any CPU
		{45B2AF2A-1E87-4DFE-B7DE-73AA918EB53E}.Release|Any CPU.ActiveCfg = Release|Any CPU
		{45B2AF2A-1E87-4DFE-B7DE-73AA918EB53E}.Release|Any CPU.Build.0 = Release|Any CPU
		{D382711B-1F22-4C4A-A4DD-DBA9B3C97F2A}.Debug|Any CPU.ActiveCfg = Debug|Any CPU
		{D382711B-1F22-4C4A-A4DD-DBA9B3C97F2A}.Debug|Any CPU.Build.0 = Debug|Any CPU
		{D382711B-1F22-4C4A-A4DD-DBA9B3C97F2A}.Release|Any CPU.ActiveCfg = Release|Any CPU
		{D382711B-1F22-4C4A-A4DD-DBA9B3C97F2A}.Release|Any CPU.Build.0 = Release|Any CPU
		{784A5F1C-22D7-4B2D-9041-F204FD9D91A0}.Debug|Any CPU.ActiveCfg = Debug|Any CPU
		{784A5F1C-22D7-4B2D-9041-F204FD9D91A0}.Debug|Any CPU.Build.0 = Debug|Any CPU
		{784A5F1C-22D7-4B2D-9041-F204FD9D91A0}.Release|Any CPU.ActiveCfg = Release|Any CPU
		{784A5F1C-22D7-4B2D-9041-F204FD9D91A0}.Release|Any CPU.Build.0 = Release|Any CPU
		{F8EA95BA-E9EC-4D48-877F-D2885A62D1FF}.Debug|Any CPU.ActiveCfg = Debug|Any CPU
		{F8EA95BA-E9EC-4D48-877F-D2885A62D1FF}.Debug|Any CPU.Build.0 = Debug|Any CPU
		{F8EA95BA-E9EC-4D48-877F-D2885A62D1FF}.Release|Any CPU.ActiveCfg = Release|Any CPU
		{F8EA95BA-E9EC-4D48-877F-D2885A62D1FF}.Release|Any CPU.Build.0 = Release|Any CPU
		{914548B1-8357-4B95-9B31-85BCCF19EA84}.Debug|Any CPU.ActiveCfg = Debug|Any CPU
		{914548B1-8357-4B95-9B31-85BCCF19EA84}.Debug|Any CPU.Build.0 = Debug|Any CPU
		{914548B1-8357-4B95-9B31-85BCCF19EA84}.Release|Any CPU.ActiveCfg = Release|Any CPU
		{914548B1-8357-4B95-9B31-85BCCF19EA84}.Release|Any CPU.Build.0 = Release|Any CPU
		{CE05A9F3-D35F-4979-ADD7-F177D9F7FC3A}.Debug|Any CPU.ActiveCfg = Debug|Any CPU
		{CE05A9F3-D35F-4979-ADD7-F177D9F7FC3A}.Debug|Any CPU.Build.0 = Debug|Any CPU
		{CE05A9F3-D35F-4979-ADD7-F177D9F7FC3A}.Release|Any CPU.ActiveCfg = Release|Any CPU
		{CE05A9F3-D35F-4979-ADD7-F177D9F7FC3A}.Release|Any CPU.Build.0 = Release|Any CPU
		{9D0A2BA8-9013-4E5B-A4B6-9A45F5F1D460}.Debug|Any CPU.ActiveCfg = Debug|Any CPU
		{9D0A2BA8-9013-4E5B-A4B6-9A45F5F1D460}.Debug|Any CPU.Build.0 = Debug|Any CPU
		{9D0A2BA8-9013-4E5B-A4B6-9A45F5F1D460}.Release|Any CPU.ActiveCfg = Release|Any CPU
		{9D0A2BA8-9013-4E5B-A4B6-9A45F5F1D460}.Release|Any CPU.Build.0 = Release|Any CPU
		{0F1AA7A6-9DE3-4EBF-8DA2-EE1F9E9E0B51}.Debug|Any CPU.ActiveCfg = Debug|Any CPU
		{0F1AA7A6-9DE3-4EBF-8DA2-EE1F9E9E0B51}.Debug|Any CPU.Build.0 = Debug|Any CPU
		{0F1AA7A6-9DE3-4EBF-8DA2-EE1F9E9E0B51}.Release|Any CPU.ActiveCfg = Release|Any CPU
		{0F1AA7A6-9DE3-4EBF-8DA2-EE1F9E9E0B51}.Release|Any CPU.Build.0 = Release|Any CPU
		{52BDBEDE-9FFF-4EFF-80D2-125833C165A0}.Debug|Any CPU.ActiveCfg = Debug|Any CPU
		{52BDBEDE-9FFF-4EFF-80D2-125833C165A0}.Debug|Any CPU.Build.0 = Debug|Any CPU
		{52BDBEDE-9FFF-4EFF-80D2-125833C165A0}.Release|Any CPU.ActiveCfg = Release|Any CPU
		{52BDBEDE-9FFF-4EFF-80D2-125833C165A0}.Release|Any CPU.Build.0 = Release|Any CPU
		{789DF041-34EF-49B2-97AD-8277D3959896}.Debug|Any CPU.ActiveCfg = Debug|Any CPU
		{789DF041-34EF-49B2-97AD-8277D3959896}.Debug|Any CPU.Build.0 = Debug|Any CPU
		{789DF041-34EF-49B2-97AD-8277D3959896}.Release|Any CPU.ActiveCfg = Release|Any CPU
		{789DF041-34EF-49B2-97AD-8277D3959896}.Release|Any CPU.Build.0 = Release|Any CPU
		{31C4472B-0D85-4731-8413-6AF463906623}.Debug|Any CPU.ActiveCfg = Debug|Any CPU
		{31C4472B-0D85-4731-8413-6AF463906623}.Debug|Any CPU.Build.0 = Debug|Any CPU
		{31C4472B-0D85-4731-8413-6AF463906623}.Release|Any CPU.ActiveCfg = Release|Any CPU
		{31C4472B-0D85-4731-8413-6AF463906623}.Release|Any CPU.Build.0 = Release|Any CPU
		{0EBCC45B-707B-4ACE-ADA4-0DF63ABA9F30}.Debug|Any CPU.ActiveCfg = Debug|Any CPU
		{0EBCC45B-707B-4ACE-ADA4-0DF63ABA9F30}.Debug|Any CPU.Build.0 = Debug|Any CPU
		{0EBCC45B-707B-4ACE-ADA4-0DF63ABA9F30}.Release|Any CPU.ActiveCfg = Release|Any CPU
		{0EBCC45B-707B-4ACE-ADA4-0DF63ABA9F30}.Release|Any CPU.Build.0 = Release|Any CPU
		{DF9203C8-B507-4F41-9635-9252AF93D5A1}.Debug|Any CPU.ActiveCfg = Debug|Any CPU
		{DF9203C8-B507-4F41-9635-9252AF93D5A1}.Debug|Any CPU.Build.0 = Debug|Any CPU
		{DF9203C8-B507-4F41-9635-9252AF93D5A1}.Release|Any CPU.ActiveCfg = Release|Any CPU
		{DF9203C8-B507-4F41-9635-9252AF93D5A1}.Release|Any CPU.Build.0 = Release|Any CPU
		{2C63A93A-FCE1-448E-9020-9F61572C83CA}.Debug|Any CPU.ActiveCfg = Debug|Any CPU
		{2C63A93A-FCE1-448E-9020-9F61572C83CA}.Debug|Any CPU.Build.0 = Debug|Any CPU
		{2C63A93A-FCE1-448E-9020-9F61572C83CA}.Release|Any CPU.ActiveCfg = Release|Any CPU
		{2C63A93A-FCE1-448E-9020-9F61572C83CA}.Release|Any CPU.Build.0 = Release|Any CPU
	EndGlobalSection
	GlobalSection(SolutionProperties) = preSolution
		HideSolutionNode = FALSE
	EndGlobalSection
	GlobalSection(ExtensibilityGlobals) = postSolution
		SolutionGuid = {51233BFF-C0DD-4DE6-A853-033C3DBD8BFA}
	EndGlobalSection
EndGlobal
