
Microsoft Visual Studio Solution File, Format Version 12.00
# Visual Studio Version 17
VisualStudioVersion = 17.2.32630.192
MinimumVisualStudioVersion = 10.0.40219.1
Project("{9A19103F-16F7-4668-BE54-9A1E7A4F7556}") = "R5T.F0109.Construction", "R5T.F0109.Construction\R5T.F0109.Construction.csproj", "{7CCBDE27-5DDE-4F9C-B34C-8FB6B7CA97D0}"
EndProject
Project("{9A19103F-16F7-4668-BE54-9A1E7A4F7556}") = "R5T.F0109", "R5T.F0109\R5T.F0109.csproj", "{83EDCC6C-1A6A-4DCE-B397-A89150656272}"
EndProject
Project("{2150E333-8FDC-42A3-9474-1A3956D46DE8}") = "_Dependencies", "_Dependencies", "{AF999287-0AEC-416B-96BC-56F5F7282195}"
EndProject
Project("{9A19103F-16F7-4668-BE54-9A1E7A4F7556}") = "R5T.T0131", "..\..\R5T.T0131\source\R5T.T0131\R5T.T0131.csproj", "{BD385188-6D45-4E2F-9710-3A95CF1EADA7}"
EndProject
Project("{9A19103F-16F7-4668-BE54-9A1E7A4F7556}") = "R5T.T0132", "..\..\R5T.T0132\source\R5T.T0132\R5T.T0132.csproj", "{A21A151B-0021-49FD-A4FA-107482094472}"
EndProject
Project("{9A19103F-16F7-4668-BE54-9A1E7A4F7556}") = "R5T.T0143", "..\..\R5T.T0143\source\R5T.T0143\R5T.T0143.csproj", "{1960C616-1432-4AD0-8406-308F74274858}"
EndProject
Project("{9A19103F-16F7-4668-BE54-9A1E7A4F7556}") = "R5T.T0150", "..\..\R5T.T0150\source\R5T.T0150\R5T.T0150.csproj", "{BD25B348-3209-4E05-8B90-D2FF6E0A6E2A}"
EndProject
Project("{9A19103F-16F7-4668-BE54-9A1E7A4F7556}") = "R5T.T0151", "..\..\R5T.T0151\source\R5T.T0151\R5T.T0151.csproj", "{D1A944CC-3FB1-4780-8DEF-B552635027FD}"
EndProject
Project("{9A19103F-16F7-4668-BE54-9A1E7A4F7556}") = "R5T.T0161", "..\..\R5T.T0161\source\R5T.T0161\R5T.T0161.csproj", "{95212854-0610-4FD9-AE98-7C821EE73703}"
EndProject
Project("{9A19103F-16F7-4668-BE54-9A1E7A4F7556}") = "R5T.T0169", "..\..\R5T.T0169\source\R5T.T0169\R5T.T0169.csproj", "{3882FB57-40D6-459F-B2EB-532D69D250A1}"
EndProject
Project("{9A19103F-16F7-4668-BE54-9A1E7A4F7556}") = "R5T.Z0037", "..\..\R5T.Z0037\source\R5T.Z0037\R5T.Z0037.csproj", "{4E0540A0-3700-4345-B78E-ED88E7F38021}"
EndProject
Project("{9A19103F-16F7-4668-BE54-9A1E7A4F7556}") = "R5T.T0171", "..\..\R5T.T0171\source\R5T.T0171\R5T.T0171.csproj", "{1E0CD472-E511-4DA7-8B23-9A38CF7AECC7}"
EndProject
Project("{9A19103F-16F7-4668-BE54-9A1E7A4F7556}") = "R5T.F0000", "..\..\R5T.F0000\source\R5T.F0000\R5T.F0000.csproj", "{993EFBD0-B780-45AB-AF36-C2F7EBF3B0FA}"
EndProject
Project("{9A19103F-16F7-4668-BE54-9A1E7A4F7556}") = "R5T.F0002", "..\..\R5T.F0002\source\R5T.F0002\R5T.F0002.csproj", "{838BE077-4F96-4C55-B4AF-FD7011C05329}"
EndProject
Project("{9A19103F-16F7-4668-BE54-9A1E7A4F7556}") = "R5T.F0017.F002", "..\..\R5T.F0017\source\R5T.F0017.F002\R5T.F0017.F002.csproj", "{932A9F19-2D65-4E0D-9BE8-4BC18C3F226B}"
EndProject
Project("{9A19103F-16F7-4668-BE54-9A1E7A4F7556}") = "R5T.F0018", "..\..\R5T.F0018\source\R5T.F0018\R5T.F0018.csproj", "{E78F0DAA-AA49-4500-BD0C-C23206D36893}"
EndProject
Project("{9A19103F-16F7-4668-BE54-9A1E7A4F7556}") = "R5T.F0099.T000", "..\..\R5T.F0099\source\R5T.F0099.T000\R5T.F0099.T000.csproj", "{58FA5B1C-8D69-4323-84B2-45C05FBE2424}"
EndProject
Project("{9A19103F-16F7-4668-BE54-9A1E7A4F7556}") = "R5T.NG0010", "..\..\R5T.NG0010\source\R5T.NG0010\R5T.NG0010.csproj", "{C9BAF480-01B2-441B-A88D-27F0FC0C0ADF}"
EndProject
Project("{9A19103F-16F7-4668-BE54-9A1E7A4F7556}") = "R5T.T0142", "..\..\R5T.T0142\source\R5T.T0142\R5T.T0142.csproj", "{8FE4E73A-267B-4185-A86B-E4FA780360D8}"
EndProject
Project("{9A19103F-16F7-4668-BE54-9A1E7A4F7556}") = "R5T.T0156", "..\..\R5T.T0156\source\R5T.T0156\R5T.T0156.csproj", "{6A7088CA-F223-4392-9B6F-81EA87292B0B}"
EndProject
Project("{9A19103F-16F7-4668-BE54-9A1E7A4F7556}") = "R5T.T0162", "..\..\R5T.T0162\source\R5T.T0162\R5T.T0162.csproj", "{079271AA-BDC8-4FF2-997A-E679161073AE}"
EndProject
Project("{9A19103F-16F7-4668-BE54-9A1E7A4F7556}") = "R5T.T0170", "..\..\R5T.T0170\source\R5T.T0170\R5T.T0170.csproj", "{EDDDB37A-7282-4E4D-93A3-BAEA83DBE2A4}"
EndProject
Project("{9A19103F-16F7-4668-BE54-9A1E7A4F7556}") = "R5T.T0172", "..\..\R5T.T0172\source\R5T.T0172\R5T.T0172.csproj", "{29DD3009-7C82-42FE-BAE9-B795A99D4985}"
EndProject
Project("{9A19103F-16F7-4668-BE54-9A1E7A4F7556}") = "R5T.T0173", "..\..\R5T.T0173\source\R5T.T0173\R5T.T0173.csproj", "{3F95002C-6A7D-417E-8F41-E7577E3C4ACB}"
EndProject
Project("{9A19103F-16F7-4668-BE54-9A1E7A4F7556}") = "R5T.Y0000", "..\..\R5T.Y0000\source\R5T.Y0000\R5T.Y0000.csproj", "{00CFF791-895F-453D-B240-D6CF7F807E96}"
EndProject
Project("{9A19103F-16F7-4668-BE54-9A1E7A4F7556}") = "R5T.Z0000", "..\..\R5T.Z0000\source\R5T.Z0000\R5T.Z0000.csproj", "{AD02D510-6C28-4654-A23D-408257012B24}"
EndProject
Project("{9A19103F-16F7-4668-BE54-9A1E7A4F7556}") = "R5T.T0167.F000", "..\..\R5T.T0167\source\R5T.T0167.F000\R5T.T0167.F000.csproj", "{DE39CAC0-BC83-4222-9FA0-3DB02F8F7342}"
EndProject
Project("{9A19103F-16F7-4668-BE54-9A1E7A4F7556}") = "R5T.T0064", "..\..\R5T.T0064\source\R5T.T0064\R5T.T0064.csproj", "{ABAC7B58-9DC5-4243-8A85-30F4DD9748E7}"
EndProject
Project("{9A19103F-16F7-4668-BE54-9A1E7A4F7556}") = "R5T.T0141", "..\..\R5T.T0141\source\R5T.T0141\R5T.T0141.csproj", "{9F99F0EB-7C6E-414B-AE77-EE0D9DC7F18B}"
EndProject
Project("{9A19103F-16F7-4668-BE54-9A1E7A4F7556}") = "R5T.T0154", "..\..\R5T.T0154\source\R5T.T0154\R5T.T0154.csproj", "{24BF7D8D-D83B-4DF2-B3A8-94EA3C51A0CD}"
EndProject
Project("{9A19103F-16F7-4668-BE54-9A1E7A4F7556}") = "R5T.T0155", "..\..\R5T.T0155\source\R5T.T0155\R5T.T0155.csproj", "{2BF4CF5C-271D-4868-BF9E-FF93477B2ECA}"
EndProject
Project("{9A19103F-16F7-4668-BE54-9A1E7A4F7556}") = "R5T.T0167", "..\..\R5T.T0167\source\R5T.T0167\R5T.T0167.csproj", "{9BA81532-D191-4986-8558-02559D4BAC46}"
EndProject
Project("{9A19103F-16F7-4668-BE54-9A1E7A4F7556}") = "R5T.T0168", "..\..\R5T.T0168\source\R5T.T0168\R5T.T0168.csproj", "{CA743ABA-5FBC-48A6-A80E-83B5B41413DA}"
EndProject
Project("{9A19103F-16F7-4668-BE54-9A1E7A4F7556}") = "R5T.F0099", "..\..\R5T.F0099\source\R5T.F0099\R5T.F0099.csproj", "{5CF2BBCE-D302-4B80-B618-D2F88BAEC43A}"
EndProject
Project("{9A19103F-16F7-4668-BE54-9A1E7A4F7556}") = "R5T.Z0015", "..\..\R5T.Z0015\source\R5T.Z0015\R5T.Z0015.csproj", "{C3E487E0-97F7-45E4-8A78-4F7EA3041784}"
EndProject
Project("{9A19103F-16F7-4668-BE54-9A1E7A4F7556}") = "R5T.F0032", "..\..\R5T.F0032\source\R5T.F0032\R5T.F0032.csproj", "{8189BBCE-0FE6-4CA9-89C6-DB372ECCE898}"
EndProject
Project("{9A19103F-16F7-4668-BE54-9A1E7A4F7556}") = "R5T.F0033", "..\..\R5T.F0033\source\R5T.F0033\R5T.F0033.csproj", "{BE370FE6-CEFE-4D25-833A-B17BA976669D}"
EndProject
Global
	GlobalSection(SolutionConfigurationPlatforms) = preSolution
		Debug|Any CPU = Debug|Any CPU
		Release|Any CPU = Release|Any CPU
	EndGlobalSection
	GlobalSection(ProjectConfigurationPlatforms) = postSolution
		{7CCBDE27-5DDE-4F9C-B34C-8FB6B7CA97D0}.Debug|Any CPU.ActiveCfg = Debug|Any CPU
		{7CCBDE27-5DDE-4F9C-B34C-8FB6B7CA97D0}.Debug|Any CPU.Build.0 = Debug|Any CPU
		{7CCBDE27-5DDE-4F9C-B34C-8FB6B7CA97D0}.Release|Any CPU.ActiveCfg = Release|Any CPU
		{7CCBDE27-5DDE-4F9C-B34C-8FB6B7CA97D0}.Release|Any CPU.Build.0 = Release|Any CPU
		{83EDCC6C-1A6A-4DCE-B397-A89150656272}.Debug|Any CPU.ActiveCfg = Debug|Any CPU
		{83EDCC6C-1A6A-4DCE-B397-A89150656272}.Debug|Any CPU.Build.0 = Debug|Any CPU
		{83EDCC6C-1A6A-4DCE-B397-A89150656272}.Release|Any CPU.ActiveCfg = Release|Any CPU
		{83EDCC6C-1A6A-4DCE-B397-A89150656272}.Release|Any CPU.Build.0 = Release|Any CPU
		{BD385188-6D45-4E2F-9710-3A95CF1EADA7}.Debug|Any CPU.ActiveCfg = Debug|Any CPU
		{BD385188-6D45-4E2F-9710-3A95CF1EADA7}.Debug|Any CPU.Build.0 = Debug|Any CPU
		{BD385188-6D45-4E2F-9710-3A95CF1EADA7}.Release|Any CPU.ActiveCfg = Release|Any CPU
		{BD385188-6D45-4E2F-9710-3A95CF1EADA7}.Release|Any CPU.Build.0 = Release|Any CPU
		{A21A151B-0021-49FD-A4FA-107482094472}.Debug|Any CPU.ActiveCfg = Debug|Any CPU
		{A21A151B-0021-49FD-A4FA-107482094472}.Debug|Any CPU.Build.0 = Debug|Any CPU
		{A21A151B-0021-49FD-A4FA-107482094472}.Release|Any CPU.ActiveCfg = Release|Any CPU
		{A21A151B-0021-49FD-A4FA-107482094472}.Release|Any CPU.Build.0 = Release|Any CPU
		{1960C616-1432-4AD0-8406-308F74274858}.Debug|Any CPU.ActiveCfg = Debug|Any CPU
		{1960C616-1432-4AD0-8406-308F74274858}.Debug|Any CPU.Build.0 = Debug|Any CPU
		{1960C616-1432-4AD0-8406-308F74274858}.Release|Any CPU.ActiveCfg = Release|Any CPU
		{1960C616-1432-4AD0-8406-308F74274858}.Release|Any CPU.Build.0 = Release|Any CPU
		{BD25B348-3209-4E05-8B90-D2FF6E0A6E2A}.Debug|Any CPU.ActiveCfg = Debug|Any CPU
		{BD25B348-3209-4E05-8B90-D2FF6E0A6E2A}.Debug|Any CPU.Build.0 = Debug|Any CPU
		{BD25B348-3209-4E05-8B90-D2FF6E0A6E2A}.Release|Any CPU.ActiveCfg = Release|Any CPU
		{BD25B348-3209-4E05-8B90-D2FF6E0A6E2A}.Release|Any CPU.Build.0 = Release|Any CPU
		{D1A944CC-3FB1-4780-8DEF-B552635027FD}.Debug|Any CPU.ActiveCfg = Debug|Any CPU
		{D1A944CC-3FB1-4780-8DEF-B552635027FD}.Debug|Any CPU.Build.0 = Debug|Any CPU
		{D1A944CC-3FB1-4780-8DEF-B552635027FD}.Release|Any CPU.ActiveCfg = Release|Any CPU
		{D1A944CC-3FB1-4780-8DEF-B552635027FD}.Release|Any CPU.Build.0 = Release|Any CPU
		{95212854-0610-4FD9-AE98-7C821EE73703}.Debug|Any CPU.ActiveCfg = Debug|Any CPU
		{95212854-0610-4FD9-AE98-7C821EE73703}.Debug|Any CPU.Build.0 = Debug|Any CPU
		{95212854-0610-4FD9-AE98-7C821EE73703}.Release|Any CPU.ActiveCfg = Release|Any CPU
		{95212854-0610-4FD9-AE98-7C821EE73703}.Release|Any CPU.Build.0 = Release|Any CPU
		{3882FB57-40D6-459F-B2EB-532D69D250A1}.Debug|Any CPU.ActiveCfg = Debug|Any CPU
		{3882FB57-40D6-459F-B2EB-532D69D250A1}.Debug|Any CPU.Build.0 = Debug|Any CPU
		{3882FB57-40D6-459F-B2EB-532D69D250A1}.Release|Any CPU.ActiveCfg = Release|Any CPU
		{3882FB57-40D6-459F-B2EB-532D69D250A1}.Release|Any CPU.Build.0 = Release|Any CPU
		{4E0540A0-3700-4345-B78E-ED88E7F38021}.Debug|Any CPU.ActiveCfg = Debug|Any CPU
		{4E0540A0-3700-4345-B78E-ED88E7F38021}.Debug|Any CPU.Build.0 = Debug|Any CPU
		{4E0540A0-3700-4345-B78E-ED88E7F38021}.Release|Any CPU.ActiveCfg = Release|Any CPU
		{4E0540A0-3700-4345-B78E-ED88E7F38021}.Release|Any CPU.Build.0 = Release|Any CPU
		{1E0CD472-E511-4DA7-8B23-9A38CF7AECC7}.Debug|Any CPU.ActiveCfg = Debug|Any CPU
		{1E0CD472-E511-4DA7-8B23-9A38CF7AECC7}.Debug|Any CPU.Build.0 = Debug|Any CPU
		{1E0CD472-E511-4DA7-8B23-9A38CF7AECC7}.Release|Any CPU.ActiveCfg = Release|Any CPU
		{1E0CD472-E511-4DA7-8B23-9A38CF7AECC7}.Release|Any CPU.Build.0 = Release|Any CPU
		{993EFBD0-B780-45AB-AF36-C2F7EBF3B0FA}.Debug|Any CPU.ActiveCfg = Debug|Any CPU
		{993EFBD0-B780-45AB-AF36-C2F7EBF3B0FA}.Debug|Any CPU.Build.0 = Debug|Any CPU
		{993EFBD0-B780-45AB-AF36-C2F7EBF3B0FA}.Release|Any CPU.ActiveCfg = Release|Any CPU
		{993EFBD0-B780-45AB-AF36-C2F7EBF3B0FA}.Release|Any CPU.Build.0 = Release|Any CPU
		{838BE077-4F96-4C55-B4AF-FD7011C05329}.Debug|Any CPU.ActiveCfg = Debug|Any CPU
		{838BE077-4F96-4C55-B4AF-FD7011C05329}.Debug|Any CPU.Build.0 = Debug|Any CPU
		{838BE077-4F96-4C55-B4AF-FD7011C05329}.Release|Any CPU.ActiveCfg = Release|Any CPU
		{838BE077-4F96-4C55-B4AF-FD7011C05329}.Release|Any CPU.Build.0 = Release|Any CPU
		{932A9F19-2D65-4E0D-9BE8-4BC18C3F226B}.Debug|Any CPU.ActiveCfg = Debug|Any CPU
		{932A9F19-2D65-4E0D-9BE8-4BC18C3F226B}.Debug|Any CPU.Build.0 = Debug|Any CPU
		{932A9F19-2D65-4E0D-9BE8-4BC18C3F226B}.Release|Any CPU.ActiveCfg = Release|Any CPU
		{932A9F19-2D65-4E0D-9BE8-4BC18C3F226B}.Release|Any CPU.Build.0 = Release|Any CPU
		{E78F0DAA-AA49-4500-BD0C-C23206D36893}.Debug|Any CPU.ActiveCfg = Debug|Any CPU
		{E78F0DAA-AA49-4500-BD0C-C23206D36893}.Debug|Any CPU.Build.0 = Debug|Any CPU
		{E78F0DAA-AA49-4500-BD0C-C23206D36893}.Release|Any CPU.ActiveCfg = Release|Any CPU
		{E78F0DAA-AA49-4500-BD0C-C23206D36893}.Release|Any CPU.Build.0 = Release|Any CPU
		{58FA5B1C-8D69-4323-84B2-45C05FBE2424}.Debug|Any CPU.ActiveCfg = Debug|Any CPU
		{58FA5B1C-8D69-4323-84B2-45C05FBE2424}.Debug|Any CPU.Build.0 = Debug|Any CPU
		{58FA5B1C-8D69-4323-84B2-45C05FBE2424}.Release|Any CPU.ActiveCfg = Release|Any CPU
		{58FA5B1C-8D69-4323-84B2-45C05FBE2424}.Release|Any CPU.Build.0 = Release|Any CPU
		{C9BAF480-01B2-441B-A88D-27F0FC0C0ADF}.Debug|Any CPU.ActiveCfg = Debug|Any CPU
		{C9BAF480-01B2-441B-A88D-27F0FC0C0ADF}.Debug|Any CPU.Build.0 = Debug|Any CPU
		{C9BAF480-01B2-441B-A88D-27F0FC0C0ADF}.Release|Any CPU.ActiveCfg = Release|Any CPU
		{C9BAF480-01B2-441B-A88D-27F0FC0C0ADF}.Release|Any CPU.Build.0 = Release|Any CPU
		{8FE4E73A-267B-4185-A86B-E4FA780360D8}.Debug|Any CPU.ActiveCfg = Debug|Any CPU
		{8FE4E73A-267B-4185-A86B-E4FA780360D8}.Debug|Any CPU.Build.0 = Debug|Any CPU
		{8FE4E73A-267B-4185-A86B-E4FA780360D8}.Release|Any CPU.ActiveCfg = Release|Any CPU
		{8FE4E73A-267B-4185-A86B-E4FA780360D8}.Release|Any CPU.Build.0 = Release|Any CPU
		{6A7088CA-F223-4392-9B6F-81EA87292B0B}.Debug|Any CPU.ActiveCfg = Debug|Any CPU
		{6A7088CA-F223-4392-9B6F-81EA87292B0B}.Debug|Any CPU.Build.0 = Debug|Any CPU
		{6A7088CA-F223-4392-9B6F-81EA87292B0B}.Release|Any CPU.ActiveCfg = Release|Any CPU
		{6A7088CA-F223-4392-9B6F-81EA87292B0B}.Release|Any CPU.Build.0 = Release|Any CPU
		{079271AA-BDC8-4FF2-997A-E679161073AE}.Debug|Any CPU.ActiveCfg = Debug|Any CPU
		{079271AA-BDC8-4FF2-997A-E679161073AE}.Debug|Any CPU.Build.0 = Debug|Any CPU
		{079271AA-BDC8-4FF2-997A-E679161073AE}.Release|Any CPU.ActiveCfg = Release|Any CPU
		{079271AA-BDC8-4FF2-997A-E679161073AE}.Release|Any CPU.Build.0 = Release|Any CPU
		{EDDDB37A-7282-4E4D-93A3-BAEA83DBE2A4}.Debug|Any CPU.ActiveCfg = Debug|Any CPU
		{EDDDB37A-7282-4E4D-93A3-BAEA83DBE2A4}.Debug|Any CPU.Build.0 = Debug|Any CPU
		{EDDDB37A-7282-4E4D-93A3-BAEA83DBE2A4}.Release|Any CPU.ActiveCfg = Release|Any CPU
		{EDDDB37A-7282-4E4D-93A3-BAEA83DBE2A4}.Release|Any CPU.Build.0 = Release|Any CPU
		{29DD3009-7C82-42FE-BAE9-B795A99D4985}.Debug|Any CPU.ActiveCfg = Debug|Any CPU
		{29DD3009-7C82-42FE-BAE9-B795A99D4985}.Debug|Any CPU.Build.0 = Debug|Any CPU
		{29DD3009-7C82-42FE-BAE9-B795A99D4985}.Release|Any CPU.ActiveCfg = Release|Any CPU
		{29DD3009-7C82-42FE-BAE9-B795A99D4985}.Release|Any CPU.Build.0 = Release|Any CPU
		{3F95002C-6A7D-417E-8F41-E7577E3C4ACB}.Debug|Any CPU.ActiveCfg = Debug|Any CPU
		{3F95002C-6A7D-417E-8F41-E7577E3C4ACB}.Debug|Any CPU.Build.0 = Debug|Any CPU
		{3F95002C-6A7D-417E-8F41-E7577E3C4ACB}.Release|Any CPU.ActiveCfg = Release|Any CPU
		{3F95002C-6A7D-417E-8F41-E7577E3C4ACB}.Release|Any CPU.Build.0 = Release|Any CPU
		{00CFF791-895F-453D-B240-D6CF7F807E96}.Debug|Any CPU.ActiveCfg = Debug|Any CPU
		{00CFF791-895F-453D-B240-D6CF7F807E96}.Debug|Any CPU.Build.0 = Debug|Any CPU
		{00CFF791-895F-453D-B240-D6CF7F807E96}.Release|Any CPU.ActiveCfg = Release|Any CPU
		{00CFF791-895F-453D-B240-D6CF7F807E96}.Release|Any CPU.Build.0 = Release|Any CPU
		{AD02D510-6C28-4654-A23D-408257012B24}.Debug|Any CPU.ActiveCfg = Debug|Any CPU
		{AD02D510-6C28-4654-A23D-408257012B24}.Debug|Any CPU.Build.0 = Debug|Any CPU
		{AD02D510-6C28-4654-A23D-408257012B24}.Release|Any CPU.ActiveCfg = Release|Any CPU
		{AD02D510-6C28-4654-A23D-408257012B24}.Release|Any CPU.Build.0 = Release|Any CPU
		{DE39CAC0-BC83-4222-9FA0-3DB02F8F7342}.Debug|Any CPU.ActiveCfg = Debug|Any CPU
		{DE39CAC0-BC83-4222-9FA0-3DB02F8F7342}.Debug|Any CPU.Build.0 = Debug|Any CPU
		{DE39CAC0-BC83-4222-9FA0-3DB02F8F7342}.Release|Any CPU.ActiveCfg = Release|Any CPU
		{DE39CAC0-BC83-4222-9FA0-3DB02F8F7342}.Release|Any CPU.Build.0 = Release|Any CPU
		{ABAC7B58-9DC5-4243-8A85-30F4DD9748E7}.Debug|Any CPU.ActiveCfg = Debug|Any CPU
		{ABAC7B58-9DC5-4243-8A85-30F4DD9748E7}.Debug|Any CPU.Build.0 = Debug|Any CPU
		{ABAC7B58-9DC5-4243-8A85-30F4DD9748E7}.Release|Any CPU.ActiveCfg = Release|Any CPU
		{ABAC7B58-9DC5-4243-8A85-30F4DD9748E7}.Release|Any CPU.Build.0 = Release|Any CPU
		{9F99F0EB-7C6E-414B-AE77-EE0D9DC7F18B}.Debug|Any CPU.ActiveCfg = Debug|Any CPU
		{9F99F0EB-7C6E-414B-AE77-EE0D9DC7F18B}.Debug|Any CPU.Build.0 = Debug|Any CPU
		{9F99F0EB-7C6E-414B-AE77-EE0D9DC7F18B}.Release|Any CPU.ActiveCfg = Release|Any CPU
		{9F99F0EB-7C6E-414B-AE77-EE0D9DC7F18B}.Release|Any CPU.Build.0 = Release|Any CPU
		{24BF7D8D-D83B-4DF2-B3A8-94EA3C51A0CD}.Debug|Any CPU.ActiveCfg = Debug|Any CPU
		{24BF7D8D-D83B-4DF2-B3A8-94EA3C51A0CD}.Debug|Any CPU.Build.0 = Debug|Any CPU
		{24BF7D8D-D83B-4DF2-B3A8-94EA3C51A0CD}.Release|Any CPU.ActiveCfg = Release|Any CPU
		{24BF7D8D-D83B-4DF2-B3A8-94EA3C51A0CD}.Release|Any CPU.Build.0 = Release|Any CPU
		{2BF4CF5C-271D-4868-BF9E-FF93477B2ECA}.Debug|Any CPU.ActiveCfg = Debug|Any CPU
		{2BF4CF5C-271D-4868-BF9E-FF93477B2ECA}.Debug|Any CPU.Build.0 = Debug|Any CPU
		{2BF4CF5C-271D-4868-BF9E-FF93477B2ECA}.Release|Any CPU.ActiveCfg = Release|Any CPU
		{2BF4CF5C-271D-4868-BF9E-FF93477B2ECA}.Release|Any CPU.Build.0 = Release|Any CPU
		{9BA81532-D191-4986-8558-02559D4BAC46}.Debug|Any CPU.ActiveCfg = Debug|Any CPU
		{9BA81532-D191-4986-8558-02559D4BAC46}.Debug|Any CPU.Build.0 = Debug|Any CPU
		{9BA81532-D191-4986-8558-02559D4BAC46}.Release|Any CPU.ActiveCfg = Release|Any CPU
		{9BA81532-D191-4986-8558-02559D4BAC46}.Release|Any CPU.Build.0 = Release|Any CPU
		{CA743ABA-5FBC-48A6-A80E-83B5B41413DA}.Debug|Any CPU.ActiveCfg = Debug|Any CPU
		{CA743ABA-5FBC-48A6-A80E-83B5B41413DA}.Debug|Any CPU.Build.0 = Debug|Any CPU
		{CA743ABA-5FBC-48A6-A80E-83B5B41413DA}.Release|Any CPU.ActiveCfg = Release|Any CPU
		{CA743ABA-5FBC-48A6-A80E-83B5B41413DA}.Release|Any CPU.Build.0 = Release|Any CPU
		{5CF2BBCE-D302-4B80-B618-D2F88BAEC43A}.Debug|Any CPU.ActiveCfg = Debug|Any CPU
		{5CF2BBCE-D302-4B80-B618-D2F88BAEC43A}.Debug|Any CPU.Build.0 = Debug|Any CPU
		{5CF2BBCE-D302-4B80-B618-D2F88BAEC43A}.Release|Any CPU.ActiveCfg = Release|Any CPU
		{5CF2BBCE-D302-4B80-B618-D2F88BAEC43A}.Release|Any CPU.Build.0 = Release|Any CPU
		{C3E487E0-97F7-45E4-8A78-4F7EA3041784}.Debug|Any CPU.ActiveCfg = Debug|Any CPU
		{C3E487E0-97F7-45E4-8A78-4F7EA3041784}.Debug|Any CPU.Build.0 = Debug|Any CPU
		{C3E487E0-97F7-45E4-8A78-4F7EA3041784}.Release|Any CPU.ActiveCfg = Release|Any CPU
		{C3E487E0-97F7-45E4-8A78-4F7EA3041784}.Release|Any CPU.Build.0 = Release|Any CPU
		{8189BBCE-0FE6-4CA9-89C6-DB372ECCE898}.Debug|Any CPU.ActiveCfg = Debug|Any CPU
		{8189BBCE-0FE6-4CA9-89C6-DB372ECCE898}.Debug|Any CPU.Build.0 = Debug|Any CPU
		{8189BBCE-0FE6-4CA9-89C6-DB372ECCE898}.Release|Any CPU.ActiveCfg = Release|Any CPU
		{8189BBCE-0FE6-4CA9-89C6-DB372ECCE898}.Release|Any CPU.Build.0 = Release|Any CPU
		{BE370FE6-CEFE-4D25-833A-B17BA976669D}.Debug|Any CPU.ActiveCfg = Debug|Any CPU
		{BE370FE6-CEFE-4D25-833A-B17BA976669D}.Debug|Any CPU.Build.0 = Debug|Any CPU
		{BE370FE6-CEFE-4D25-833A-B17BA976669D}.Release|Any CPU.ActiveCfg = Release|Any CPU
		{BE370FE6-CEFE-4D25-833A-B17BA976669D}.Release|Any CPU.Build.0 = Release|Any CPU
	EndGlobalSection
	GlobalSection(SolutionProperties) = preSolution
		HideSolutionNode = FALSE
	EndGlobalSection
	GlobalSection(NestedProjects) = preSolution
		{BD385188-6D45-4E2F-9710-3A95CF1EADA7} = {AF999287-0AEC-416B-96BC-56F5F7282195}
		{A21A151B-0021-49FD-A4FA-107482094472} = {AF999287-0AEC-416B-96BC-56F5F7282195}
		{1960C616-1432-4AD0-8406-308F74274858} = {AF999287-0AEC-416B-96BC-56F5F7282195}
		{BD25B348-3209-4E05-8B90-D2FF6E0A6E2A} = {AF999287-0AEC-416B-96BC-56F5F7282195}
		{D1A944CC-3FB1-4780-8DEF-B552635027FD} = {AF999287-0AEC-416B-96BC-56F5F7282195}
		{95212854-0610-4FD9-AE98-7C821EE73703} = {AF999287-0AEC-416B-96BC-56F5F7282195}
		{3882FB57-40D6-459F-B2EB-532D69D250A1} = {AF999287-0AEC-416B-96BC-56F5F7282195}
		{4E0540A0-3700-4345-B78E-ED88E7F38021} = {AF999287-0AEC-416B-96BC-56F5F7282195}
		{1E0CD472-E511-4DA7-8B23-9A38CF7AECC7} = {AF999287-0AEC-416B-96BC-56F5F7282195}
		{993EFBD0-B780-45AB-AF36-C2F7EBF3B0FA} = {AF999287-0AEC-416B-96BC-56F5F7282195}
		{838BE077-4F96-4C55-B4AF-FD7011C05329} = {AF999287-0AEC-416B-96BC-56F5F7282195}
		{932A9F19-2D65-4E0D-9BE8-4BC18C3F226B} = {AF999287-0AEC-416B-96BC-56F5F7282195}
		{E78F0DAA-AA49-4500-BD0C-C23206D36893} = {AF999287-0AEC-416B-96BC-56F5F7282195}
		{58FA5B1C-8D69-4323-84B2-45C05FBE2424} = {AF999287-0AEC-416B-96BC-56F5F7282195}
		{C9BAF480-01B2-441B-A88D-27F0FC0C0ADF} = {AF999287-0AEC-416B-96BC-56F5F7282195}
		{8FE4E73A-267B-4185-A86B-E4FA780360D8} = {AF999287-0AEC-416B-96BC-56F5F7282195}
		{6A7088CA-F223-4392-9B6F-81EA87292B0B} = {AF999287-0AEC-416B-96BC-56F5F7282195}
		{079271AA-BDC8-4FF2-997A-E679161073AE} = {AF999287-0AEC-416B-96BC-56F5F7282195}
		{EDDDB37A-7282-4E4D-93A3-BAEA83DBE2A4} = {AF999287-0AEC-416B-96BC-56F5F7282195}
		{29DD3009-7C82-42FE-BAE9-B795A99D4985} = {AF999287-0AEC-416B-96BC-56F5F7282195}
		{3F95002C-6A7D-417E-8F41-E7577E3C4ACB} = {AF999287-0AEC-416B-96BC-56F5F7282195}
		{00CFF791-895F-453D-B240-D6CF7F807E96} = {AF999287-0AEC-416B-96BC-56F5F7282195}
		{AD02D510-6C28-4654-A23D-408257012B24} = {AF999287-0AEC-416B-96BC-56F5F7282195}
		{DE39CAC0-BC83-4222-9FA0-3DB02F8F7342} = {AF999287-0AEC-416B-96BC-56F5F7282195}
		{ABAC7B58-9DC5-4243-8A85-30F4DD9748E7} = {AF999287-0AEC-416B-96BC-56F5F7282195}
		{9F99F0EB-7C6E-414B-AE77-EE0D9DC7F18B} = {AF999287-0AEC-416B-96BC-56F5F7282195}
		{24BF7D8D-D83B-4DF2-B3A8-94EA3C51A0CD} = {AF999287-0AEC-416B-96BC-56F5F7282195}
		{2BF4CF5C-271D-4868-BF9E-FF93477B2ECA} = {AF999287-0AEC-416B-96BC-56F5F7282195}
		{9BA81532-D191-4986-8558-02559D4BAC46} = {AF999287-0AEC-416B-96BC-56F5F7282195}
		{CA743ABA-5FBC-48A6-A80E-83B5B41413DA} = {AF999287-0AEC-416B-96BC-56F5F7282195}
		{5CF2BBCE-D302-4B80-B618-D2F88BAEC43A} = {AF999287-0AEC-416B-96BC-56F5F7282195}
		{C3E487E0-97F7-45E4-8A78-4F7EA3041784} = {AF999287-0AEC-416B-96BC-56F5F7282195}
		{8189BBCE-0FE6-4CA9-89C6-DB372ECCE898} = {AF999287-0AEC-416B-96BC-56F5F7282195}
		{BE370FE6-CEFE-4D25-833A-B17BA976669D} = {AF999287-0AEC-416B-96BC-56F5F7282195}
	EndGlobalSection
	GlobalSection(ExtensibilityGlobals) = postSolution
		SolutionGuid = {32C8937C-2F16-4BDE-819B-8D5FDBA7613D}
	EndGlobalSection
EndGlobal
