
Microsoft Visual Studio Solution File, Format Version 12.00
# Visual Studio Version 17
VisualStudioVersion = 17.2.32630.192
MinimumVisualStudioVersion = 10.0.40219.1
Project("{9A19103F-16F7-4668-BE54-9A1E7A4F7556}") = "R5T.F0109", "R5T.F0109\R5T.F0109.csproj", "{F6511E67-FBB0-4FAD-907D-0A28B49EED53}"
EndProject
Project("{2150E333-8FDC-42A3-9474-1A3956D46DE8}") = "_Dependencies", "_Dependencies", "{6AD2A594-E850-4B50-9AFC-ED4935C5B014}"
EndProject
Project("{9A19103F-16F7-4668-BE54-9A1E7A4F7556}") = "R5T.T0131", "..\..\R5T.T0131\source\R5T.T0131\R5T.T0131.csproj", "{00982732-595D-44EA-A0E9-EBFDE8B9709D}"
EndProject
Project("{9A19103F-16F7-4668-BE54-9A1E7A4F7556}") = "R5T.T0132", "..\..\R5T.T0132\source\R5T.T0132\R5T.T0132.csproj", "{355568EA-387B-4427-9732-6A564EAAC3FD}"
EndProject
Project("{9A19103F-16F7-4668-BE54-9A1E7A4F7556}") = "R5T.T0143", "..\..\R5T.T0143\source\R5T.T0143\R5T.T0143.csproj", "{7DACF314-4079-49BE-BAF7-18F095E3481A}"
EndProject
Project("{9A19103F-16F7-4668-BE54-9A1E7A4F7556}") = "R5T.T0150", "..\..\R5T.T0150\source\R5T.T0150\R5T.T0150.csproj", "{54FD0EC7-7C37-4FB1-AAC7-1216FE519BB7}"
EndProject
Project("{9A19103F-16F7-4668-BE54-9A1E7A4F7556}") = "R5T.T0151", "..\..\R5T.T0151\source\R5T.T0151\R5T.T0151.csproj", "{C4E050E7-442A-41EB-A271-4CE3FDC1CE3D}"
EndProject
Project("{9A19103F-16F7-4668-BE54-9A1E7A4F7556}") = "R5T.T0161", "..\..\R5T.T0161\source\R5T.T0161\R5T.T0161.csproj", "{74CC92A3-976F-414C-93F7-244903D5720E}"
EndProject
Project("{9A19103F-16F7-4668-BE54-9A1E7A4F7556}") = "R5T.T0169", "..\..\R5T.T0169\source\R5T.T0169\R5T.T0169.csproj", "{4869A4A7-EF6B-483C-8D7C-6BB5AF59FFD2}"
EndProject
Project("{9A19103F-16F7-4668-BE54-9A1E7A4F7556}") = "R5T.Z0037", "..\..\R5T.Z0037\source\R5T.Z0037\R5T.Z0037.csproj", "{4D868F47-8BEB-4017-ACF4-E41EC3CC5BA9}"
EndProject
Project("{9A19103F-16F7-4668-BE54-9A1E7A4F7556}") = "R5T.T0170", "..\..\R5T.T0170\source\R5T.T0170\R5T.T0170.csproj", "{92B6B121-3873-4347-A011-481181D2776A}"
EndProject
Project("{9A19103F-16F7-4668-BE54-9A1E7A4F7556}") = "R5T.T0162", "..\..\R5T.T0162\source\R5T.T0162\R5T.T0162.csproj", "{49EC7A07-524F-4D33-8885-312F96EDE783}"
EndProject
Project("{9A19103F-16F7-4668-BE54-9A1E7A4F7556}") = "R5T.T0171", "..\..\R5T.T0171\source\R5T.T0171\R5T.T0171.csproj", "{59FC689B-1D9E-465C-A38C-1870D8CE2C75}"
EndProject
Project("{9A19103F-16F7-4668-BE54-9A1E7A4F7556}") = "R5T.T0172", "..\..\R5T.T0172\source\R5T.T0172\R5T.T0172.csproj", "{4A8EC0F1-92B4-4E71-A5F5-BE85491EB7C3}"
EndProject
Project("{9A19103F-16F7-4668-BE54-9A1E7A4F7556}") = "R5T.T0173", "..\..\R5T.T0173\source\R5T.T0173\R5T.T0173.csproj", "{D09218D6-14EA-477C-9550-9E8043F8819E}"
EndProject
Project("{9A19103F-16F7-4668-BE54-9A1E7A4F7556}") = "R5T.F0099.T000", "..\..\R5T.F0099\source\R5T.F0099.T000\R5T.F0099.T000.csproj", "{D162DF3C-F474-4117-8C8E-599123BB5AD8}"
EndProject
Project("{9A19103F-16F7-4668-BE54-9A1E7A4F7556}") = "R5T.F0018", "..\..\R5T.F0018\source\R5T.F0018\R5T.F0018.csproj", "{AAD636F6-DBF2-4368-BDA1-4A90F141848C}"
EndProject
Project("{9A19103F-16F7-4668-BE54-9A1E7A4F7556}") = "R5T.F0000", "..\..\R5T.F0000\source\R5T.F0000\R5T.F0000.csproj", "{2EA587B1-0352-41F6-842B-0656962215DF}"
EndProject
Project("{9A19103F-16F7-4668-BE54-9A1E7A4F7556}") = "R5T.F0002", "..\..\R5T.F0002\source\R5T.F0002\R5T.F0002.csproj", "{E644CCA7-C7FE-4D6F-BFAA-DC683A103853}"
EndProject
Project("{9A19103F-16F7-4668-BE54-9A1E7A4F7556}") = "R5T.NG0010", "..\..\R5T.NG0010\source\R5T.NG0010\R5T.NG0010.csproj", "{0F256C86-DF47-4DE6-A5BF-7077B761B0AA}"
EndProject
Project("{9A19103F-16F7-4668-BE54-9A1E7A4F7556}") = "R5T.T0142", "..\..\R5T.T0142\source\R5T.T0142\R5T.T0142.csproj", "{7700A615-FC09-42E9-8608-DAD510DBE97B}"
EndProject
Project("{9A19103F-16F7-4668-BE54-9A1E7A4F7556}") = "R5T.T0156", "..\..\R5T.T0156\source\R5T.T0156\R5T.T0156.csproj", "{5E944C15-8F52-4394-96D2-F45D335A8677}"
EndProject
Project("{9A19103F-16F7-4668-BE54-9A1E7A4F7556}") = "R5T.Y0000", "..\..\R5T.Y0000\source\R5T.Y0000\R5T.Y0000.csproj", "{12D36AF7-AB82-4DF5-9FAF-50AC612D4BFE}"
EndProject
Project("{9A19103F-16F7-4668-BE54-9A1E7A4F7556}") = "R5T.Z0000", "..\..\R5T.Z0000\source\R5T.Z0000\R5T.Z0000.csproj", "{86AC253E-5668-4359-89A3-0FBA1F643F3C}"
EndProject
Project("{9A19103F-16F7-4668-BE54-9A1E7A4F7556}") = "R5T.F0017.F002", "..\..\R5T.F0017\source\R5T.F0017.F002\R5T.F0017.F002.csproj", "{7254FAFB-A7E8-4990-8021-CD3EA9E27D87}"
EndProject
Global
	GlobalSection(SolutionConfigurationPlatforms) = preSolution
		Debug|Any CPU = Debug|Any CPU
		Release|Any CPU = Release|Any CPU
	EndGlobalSection
	GlobalSection(ProjectConfigurationPlatforms) = postSolution
		{F6511E67-FBB0-4FAD-907D-0A28B49EED53}.Debug|Any CPU.ActiveCfg = Debug|Any CPU
		{F6511E67-FBB0-4FAD-907D-0A28B49EED53}.Debug|Any CPU.Build.0 = Debug|Any CPU
		{F6511E67-FBB0-4FAD-907D-0A28B49EED53}.Release|Any CPU.ActiveCfg = Release|Any CPU
		{F6511E67-FBB0-4FAD-907D-0A28B49EED53}.Release|Any CPU.Build.0 = Release|Any CPU
		{00982732-595D-44EA-A0E9-EBFDE8B9709D}.Debug|Any CPU.ActiveCfg = Debug|Any CPU
		{00982732-595D-44EA-A0E9-EBFDE8B9709D}.Debug|Any CPU.Build.0 = Debug|Any CPU
		{00982732-595D-44EA-A0E9-EBFDE8B9709D}.Release|Any CPU.ActiveCfg = Release|Any CPU
		{00982732-595D-44EA-A0E9-EBFDE8B9709D}.Release|Any CPU.Build.0 = Release|Any CPU
		{355568EA-387B-4427-9732-6A564EAAC3FD}.Debug|Any CPU.ActiveCfg = Debug|Any CPU
		{355568EA-387B-4427-9732-6A564EAAC3FD}.Debug|Any CPU.Build.0 = Debug|Any CPU
		{355568EA-387B-4427-9732-6A564EAAC3FD}.Release|Any CPU.ActiveCfg = Release|Any CPU
		{355568EA-387B-4427-9732-6A564EAAC3FD}.Release|Any CPU.Build.0 = Release|Any CPU
		{7DACF314-4079-49BE-BAF7-18F095E3481A}.Debug|Any CPU.ActiveCfg = Debug|Any CPU
		{7DACF314-4079-49BE-BAF7-18F095E3481A}.Debug|Any CPU.Build.0 = Debug|Any CPU
		{7DACF314-4079-49BE-BAF7-18F095E3481A}.Release|Any CPU.ActiveCfg = Release|Any CPU
		{7DACF314-4079-49BE-BAF7-18F095E3481A}.Release|Any CPU.Build.0 = Release|Any CPU
		{54FD0EC7-7C37-4FB1-AAC7-1216FE519BB7}.Debug|Any CPU.ActiveCfg = Debug|Any CPU
		{54FD0EC7-7C37-4FB1-AAC7-1216FE519BB7}.Debug|Any CPU.Build.0 = Debug|Any CPU
		{54FD0EC7-7C37-4FB1-AAC7-1216FE519BB7}.Release|Any CPU.ActiveCfg = Release|Any CPU
		{54FD0EC7-7C37-4FB1-AAC7-1216FE519BB7}.Release|Any CPU.Build.0 = Release|Any CPU
		{C4E050E7-442A-41EB-A271-4CE3FDC1CE3D}.Debug|Any CPU.ActiveCfg = Debug|Any CPU
		{C4E050E7-442A-41EB-A271-4CE3FDC1CE3D}.Debug|Any CPU.Build.0 = Debug|Any CPU
		{C4E050E7-442A-41EB-A271-4CE3FDC1CE3D}.Release|Any CPU.ActiveCfg = Release|Any CPU
		{C4E050E7-442A-41EB-A271-4CE3FDC1CE3D}.Release|Any CPU.Build.0 = Release|Any CPU
		{74CC92A3-976F-414C-93F7-244903D5720E}.Debug|Any CPU.ActiveCfg = Debug|Any CPU
		{74CC92A3-976F-414C-93F7-244903D5720E}.Debug|Any CPU.Build.0 = Debug|Any CPU
		{74CC92A3-976F-414C-93F7-244903D5720E}.Release|Any CPU.ActiveCfg = Release|Any CPU
		{74CC92A3-976F-414C-93F7-244903D5720E}.Release|Any CPU.Build.0 = Release|Any CPU
		{4869A4A7-EF6B-483C-8D7C-6BB5AF59FFD2}.Debug|Any CPU.ActiveCfg = Debug|Any CPU
		{4869A4A7-EF6B-483C-8D7C-6BB5AF59FFD2}.Debug|Any CPU.Build.0 = Debug|Any CPU
		{4869A4A7-EF6B-483C-8D7C-6BB5AF59FFD2}.Release|Any CPU.ActiveCfg = Release|Any CPU
		{4869A4A7-EF6B-483C-8D7C-6BB5AF59FFD2}.Release|Any CPU.Build.0 = Release|Any CPU
		{4D868F47-8BEB-4017-ACF4-E41EC3CC5BA9}.Debug|Any CPU.ActiveCfg = Debug|Any CPU
		{4D868F47-8BEB-4017-ACF4-E41EC3CC5BA9}.Debug|Any CPU.Build.0 = Debug|Any CPU
		{4D868F47-8BEB-4017-ACF4-E41EC3CC5BA9}.Release|Any CPU.ActiveCfg = Release|Any CPU
		{4D868F47-8BEB-4017-ACF4-E41EC3CC5BA9}.Release|Any CPU.Build.0 = Release|Any CPU
		{92B6B121-3873-4347-A011-481181D2776A}.Debug|Any CPU.ActiveCfg = Debug|Any CPU
		{92B6B121-3873-4347-A011-481181D2776A}.Debug|Any CPU.Build.0 = Debug|Any CPU
		{92B6B121-3873-4347-A011-481181D2776A}.Release|Any CPU.ActiveCfg = Release|Any CPU
		{92B6B121-3873-4347-A011-481181D2776A}.Release|Any CPU.Build.0 = Release|Any CPU
		{49EC7A07-524F-4D33-8885-312F96EDE783}.Debug|Any CPU.ActiveCfg = Debug|Any CPU
		{49EC7A07-524F-4D33-8885-312F96EDE783}.Debug|Any CPU.Build.0 = Debug|Any CPU
		{49EC7A07-524F-4D33-8885-312F96EDE783}.Release|Any CPU.ActiveCfg = Release|Any CPU
		{49EC7A07-524F-4D33-8885-312F96EDE783}.Release|Any CPU.Build.0 = Release|Any CPU
		{59FC689B-1D9E-465C-A38C-1870D8CE2C75}.Debug|Any CPU.ActiveCfg = Debug|Any CPU
		{59FC689B-1D9E-465C-A38C-1870D8CE2C75}.Debug|Any CPU.Build.0 = Debug|Any CPU
		{59FC689B-1D9E-465C-A38C-1870D8CE2C75}.Release|Any CPU.ActiveCfg = Release|Any CPU
		{59FC689B-1D9E-465C-A38C-1870D8CE2C75}.Release|Any CPU.Build.0 = Release|Any CPU
		{4A8EC0F1-92B4-4E71-A5F5-BE85491EB7C3}.Debug|Any CPU.ActiveCfg = Debug|Any CPU
		{4A8EC0F1-92B4-4E71-A5F5-BE85491EB7C3}.Debug|Any CPU.Build.0 = Debug|Any CPU
		{4A8EC0F1-92B4-4E71-A5F5-BE85491EB7C3}.Release|Any CPU.ActiveCfg = Release|Any CPU
		{4A8EC0F1-92B4-4E71-A5F5-BE85491EB7C3}.Release|Any CPU.Build.0 = Release|Any CPU
		{D09218D6-14EA-477C-9550-9E8043F8819E}.Debug|Any CPU.ActiveCfg = Debug|Any CPU
		{D09218D6-14EA-477C-9550-9E8043F8819E}.Debug|Any CPU.Build.0 = Debug|Any CPU
		{D09218D6-14EA-477C-9550-9E8043F8819E}.Release|Any CPU.ActiveCfg = Release|Any CPU
		{D09218D6-14EA-477C-9550-9E8043F8819E}.Release|Any CPU.Build.0 = Release|Any CPU
		{D162DF3C-F474-4117-8C8E-599123BB5AD8}.Debug|Any CPU.ActiveCfg = Debug|Any CPU
		{D162DF3C-F474-4117-8C8E-599123BB5AD8}.Debug|Any CPU.Build.0 = Debug|Any CPU
		{D162DF3C-F474-4117-8C8E-599123BB5AD8}.Release|Any CPU.ActiveCfg = Release|Any CPU
		{D162DF3C-F474-4117-8C8E-599123BB5AD8}.Release|Any CPU.Build.0 = Release|Any CPU
		{AAD636F6-DBF2-4368-BDA1-4A90F141848C}.Debug|Any CPU.ActiveCfg = Debug|Any CPU
		{AAD636F6-DBF2-4368-BDA1-4A90F141848C}.Debug|Any CPU.Build.0 = Debug|Any CPU
		{AAD636F6-DBF2-4368-BDA1-4A90F141848C}.Release|Any CPU.ActiveCfg = Release|Any CPU
		{AAD636F6-DBF2-4368-BDA1-4A90F141848C}.Release|Any CPU.Build.0 = Release|Any CPU
		{2EA587B1-0352-41F6-842B-0656962215DF}.Debug|Any CPU.ActiveCfg = Debug|Any CPU
		{2EA587B1-0352-41F6-842B-0656962215DF}.Debug|Any CPU.Build.0 = Debug|Any CPU
		{2EA587B1-0352-41F6-842B-0656962215DF}.Release|Any CPU.ActiveCfg = Release|Any CPU
		{2EA587B1-0352-41F6-842B-0656962215DF}.Release|Any CPU.Build.0 = Release|Any CPU
		{E644CCA7-C7FE-4D6F-BFAA-DC683A103853}.Debug|Any CPU.ActiveCfg = Debug|Any CPU
		{E644CCA7-C7FE-4D6F-BFAA-DC683A103853}.Debug|Any CPU.Build.0 = Debug|Any CPU
		{E644CCA7-C7FE-4D6F-BFAA-DC683A103853}.Release|Any CPU.ActiveCfg = Release|Any CPU
		{E644CCA7-C7FE-4D6F-BFAA-DC683A103853}.Release|Any CPU.Build.0 = Release|Any CPU
		{0F256C86-DF47-4DE6-A5BF-7077B761B0AA}.Debug|Any CPU.ActiveCfg = Debug|Any CPU
		{0F256C86-DF47-4DE6-A5BF-7077B761B0AA}.Debug|Any CPU.Build.0 = Debug|Any CPU
		{0F256C86-DF47-4DE6-A5BF-7077B761B0AA}.Release|Any CPU.ActiveCfg = Release|Any CPU
		{0F256C86-DF47-4DE6-A5BF-7077B761B0AA}.Release|Any CPU.Build.0 = Release|Any CPU
		{7700A615-FC09-42E9-8608-DAD510DBE97B}.Debug|Any CPU.ActiveCfg = Debug|Any CPU
		{7700A615-FC09-42E9-8608-DAD510DBE97B}.Debug|Any CPU.Build.0 = Debug|Any CPU
		{7700A615-FC09-42E9-8608-DAD510DBE97B}.Release|Any CPU.ActiveCfg = Release|Any CPU
		{7700A615-FC09-42E9-8608-DAD510DBE97B}.Release|Any CPU.Build.0 = Release|Any CPU
		{5E944C15-8F52-4394-96D2-F45D335A8677}.Debug|Any CPU.ActiveCfg = Debug|Any CPU
		{5E944C15-8F52-4394-96D2-F45D335A8677}.Debug|Any CPU.Build.0 = Debug|Any CPU
		{5E944C15-8F52-4394-96D2-F45D335A8677}.Release|Any CPU.ActiveCfg = Release|Any CPU
		{5E944C15-8F52-4394-96D2-F45D335A8677}.Release|Any CPU.Build.0 = Release|Any CPU
		{12D36AF7-AB82-4DF5-9FAF-50AC612D4BFE}.Debug|Any CPU.ActiveCfg = Debug|Any CPU
		{12D36AF7-AB82-4DF5-9FAF-50AC612D4BFE}.Debug|Any CPU.Build.0 = Debug|Any CPU
		{12D36AF7-AB82-4DF5-9FAF-50AC612D4BFE}.Release|Any CPU.ActiveCfg = Release|Any CPU
		{12D36AF7-AB82-4DF5-9FAF-50AC612D4BFE}.Release|Any CPU.Build.0 = Release|Any CPU
		{86AC253E-5668-4359-89A3-0FBA1F643F3C}.Debug|Any CPU.ActiveCfg = Debug|Any CPU
		{86AC253E-5668-4359-89A3-0FBA1F643F3C}.Debug|Any CPU.Build.0 = Debug|Any CPU
		{86AC253E-5668-4359-89A3-0FBA1F643F3C}.Release|Any CPU.ActiveCfg = Release|Any CPU
		{86AC253E-5668-4359-89A3-0FBA1F643F3C}.Release|Any CPU.Build.0 = Release|Any CPU
		{7254FAFB-A7E8-4990-8021-CD3EA9E27D87}.Debug|Any CPU.ActiveCfg = Debug|Any CPU
		{7254FAFB-A7E8-4990-8021-CD3EA9E27D87}.Debug|Any CPU.Build.0 = Debug|Any CPU
		{7254FAFB-A7E8-4990-8021-CD3EA9E27D87}.Release|Any CPU.ActiveCfg = Release|Any CPU
		{7254FAFB-A7E8-4990-8021-CD3EA9E27D87}.Release|Any CPU.Build.0 = Release|Any CPU
	EndGlobalSection
	GlobalSection(SolutionProperties) = preSolution
		HideSolutionNode = FALSE
	EndGlobalSection
	GlobalSection(NestedProjects) = preSolution
		{00982732-595D-44EA-A0E9-EBFDE8B9709D} = {6AD2A594-E850-4B50-9AFC-ED4935C5B014}
		{355568EA-387B-4427-9732-6A564EAAC3FD} = {6AD2A594-E850-4B50-9AFC-ED4935C5B014}
		{7DACF314-4079-49BE-BAF7-18F095E3481A} = {6AD2A594-E850-4B50-9AFC-ED4935C5B014}
		{54FD0EC7-7C37-4FB1-AAC7-1216FE519BB7} = {6AD2A594-E850-4B50-9AFC-ED4935C5B014}
		{C4E050E7-442A-41EB-A271-4CE3FDC1CE3D} = {6AD2A594-E850-4B50-9AFC-ED4935C5B014}
		{74CC92A3-976F-414C-93F7-244903D5720E} = {6AD2A594-E850-4B50-9AFC-ED4935C5B014}
		{4869A4A7-EF6B-483C-8D7C-6BB5AF59FFD2} = {6AD2A594-E850-4B50-9AFC-ED4935C5B014}
		{4D868F47-8BEB-4017-ACF4-E41EC3CC5BA9} = {6AD2A594-E850-4B50-9AFC-ED4935C5B014}
		{92B6B121-3873-4347-A011-481181D2776A} = {6AD2A594-E850-4B50-9AFC-ED4935C5B014}
		{49EC7A07-524F-4D33-8885-312F96EDE783} = {6AD2A594-E850-4B50-9AFC-ED4935C5B014}
		{59FC689B-1D9E-465C-A38C-1870D8CE2C75} = {6AD2A594-E850-4B50-9AFC-ED4935C5B014}
		{4A8EC0F1-92B4-4E71-A5F5-BE85491EB7C3} = {6AD2A594-E850-4B50-9AFC-ED4935C5B014}
		{D09218D6-14EA-477C-9550-9E8043F8819E} = {6AD2A594-E850-4B50-9AFC-ED4935C5B014}
		{D162DF3C-F474-4117-8C8E-599123BB5AD8} = {6AD2A594-E850-4B50-9AFC-ED4935C5B014}
		{AAD636F6-DBF2-4368-BDA1-4A90F141848C} = {6AD2A594-E850-4B50-9AFC-ED4935C5B014}
		{2EA587B1-0352-41F6-842B-0656962215DF} = {6AD2A594-E850-4B50-9AFC-ED4935C5B014}
		{E644CCA7-C7FE-4D6F-BFAA-DC683A103853} = {6AD2A594-E850-4B50-9AFC-ED4935C5B014}
		{0F256C86-DF47-4DE6-A5BF-7077B761B0AA} = {6AD2A594-E850-4B50-9AFC-ED4935C5B014}
		{7700A615-FC09-42E9-8608-DAD510DBE97B} = {6AD2A594-E850-4B50-9AFC-ED4935C5B014}
		{5E944C15-8F52-4394-96D2-F45D335A8677} = {6AD2A594-E850-4B50-9AFC-ED4935C5B014}
		{12D36AF7-AB82-4DF5-9FAF-50AC612D4BFE} = {6AD2A594-E850-4B50-9AFC-ED4935C5B014}
		{86AC253E-5668-4359-89A3-0FBA1F643F3C} = {6AD2A594-E850-4B50-9AFC-ED4935C5B014}
		{7254FAFB-A7E8-4990-8021-CD3EA9E27D87} = {6AD2A594-E850-4B50-9AFC-ED4935C5B014}
	EndGlobalSection
	GlobalSection(ExtensibilityGlobals) = postSolution
		SolutionGuid = {51233BFF-C0DD-4DE6-A853-033C3DBD8BFA}
	EndGlobalSection
EndGlobal
